// !$*UTF8*$!
{
	archiveVersion = 1;
	classes = {
	};
	objectVersion = 77;
	objects = {

/* Begin PBXBuildFile section */
		374197002D787801002577C6 /* FolderViewController.swift in Sources */ = {isa = PBXBuildFile; fileRef = 374196FF2D787801002577C6 /* FolderViewController.swift */; };
		374197022D787811002577C6 /* FolderView.swift in Sources */ = {isa = PBXBuildFile; fileRef = 374197012D787811002577C6 /* FolderView.swift */; };
		374197042D787825002577C6 /* FolderViewModel.swift in Sources */ = {isa = PBXBuildFile; fileRef = 374197032D787825002577C6 /* FolderViewModel.swift */; };
		374197082D787DF5002577C6 /* FolderCell.swift in Sources */ = {isa = PBXBuildFile; fileRef = 374197072D787DF5002577C6 /* FolderCell.swift */; };
		3741970A2D787E23002577C6 /* BaseTableViewCell.swift in Sources */ = {isa = PBXBuildFile; fileRef = 374197092D787E23002577C6 /* BaseTableViewCell.swift */; };
		374197102D7883E1002577C6 /* FolderTableRepository.swift in Sources */ = {isa = PBXBuildFile; fileRef = 3741970F2D7883E1002577C6 /* FolderTableRepository.swift */; };
		374197122D7886B4002577C6 /* Folder.swift in Sources */ = {isa = PBXBuildFile; fileRef = 374197112D7886B4002577C6 /* Folder.swift */; };
		374197142D789044002577C6 /* WishListViewModel.swift in Sources */ = {isa = PBXBuildFile; fileRef = 374197132D789044002577C6 /* WishListViewModel.swift */; };
		374197162D78A309002577C6 /* WishListTableRepository.swift in Sources */ = {isa = PBXBuildFile; fileRef = 374197152D78A309002577C6 /* WishListTableRepository.swift */; };
		375C6E9C2D6E143400E4EDA2 /* RxCocoa in Frameworks */ = {isa = PBXBuildFile; productRef = 375C6E9B2D6E143400E4EDA2 /* RxCocoa */; };
		375C6E9E2D6E143400E4EDA2 /* RxSwift in Frameworks */ = {isa = PBXBuildFile; productRef = 375C6E9D2D6E143400E4EDA2 /* RxSwift */; };
		3774DA0E2D549C60007F239F /* ShoppingView.swift in Sources */ = {isa = PBXBuildFile; fileRef = 3774DA0B2D549C60007F239F /* ShoppingView.swift */; };
		3774DA0F2D549C60007F239F /* ShoppingViewController.swift in Sources */ = {isa = PBXBuildFile; fileRef = 3774DA0C2D549C60007F239F /* ShoppingViewController.swift */; };
		3774DA162D549CD0007F239F /* ShoppingViewModel.swift in Sources */ = {isa = PBXBuildFile; fileRef = 3774DA152D549CD0007F239F /* ShoppingViewModel.swift */; };
		3774DA1A2D549DB1007F239F /* ResultViewModel.swift in Sources */ = {isa = PBXBuildFile; fileRef = 3774DA192D549DB1007F239F /* ResultViewModel.swift */; };
		37A3F0BB2D391D930085C9F8 /* BaseView.swift in Sources */ = {isa = PBXBuildFile; fileRef = 37A3F0B92D391D930085C9F8 /* BaseView.swift */; };
		37A3F0BD2D391FFE0085C9F8 /* BaseViewController.swift in Sources */ = {isa = PBXBuildFile; fileRef = 37A3F0BC2D391FFE0085C9F8 /* BaseViewController.swift */; };
		37A3F0BF2D39220F0085C9F8 /* BaseCollectionViewCell.swift in Sources */ = {isa = PBXBuildFile; fileRef = 37A3F0BE2D39220F0085C9F8 /* BaseCollectionViewCell.swift */; };
		37A3F0C52D3926B40085C9F8 /* UIViewController+Extension.swift in Sources */ = {isa = PBXBuildFile; fileRef = 37A3F0C32D3926B40085C9F8 /* UIViewController+Extension.swift */; };
		37A3F0CB2D395BCD0085C9F8 /* Sort.swift in Sources */ = {isa = PBXBuildFile; fileRef = 37A3F0CA2D395BCD0085C9F8 /* Sort.swift */; };
		37ACC0642D37E630005933CE /* LaunchScreen.storyboard in Resources */ = {isa = PBXBuildFile; fileRef = 37ACC05C2D37E630005933CE /* LaunchScreen.storyboard */; };
		37ACC0662D37E630005933CE /* AppDelegate.swift in Sources */ = {isa = PBXBuildFile; fileRef = 37ACC0582D37E630005933CE /* AppDelegate.swift */; };
		37ACC0672D37E630005933CE /* SceneDelegate.swift in Sources */ = {isa = PBXBuildFile; fileRef = 37ACC05F2D37E630005933CE /* SceneDelegate.swift */; };
		37ACC06B2D37E652005933CE /* Kingfisher in Frameworks */ = {isa = PBXBuildFile; productRef = 37ACC06A2D37E652005933CE /* Kingfisher */; };
		37ACC06E2D37E663005933CE /* Alamofire in Frameworks */ = {isa = PBXBuildFile; productRef = 37ACC06D2D37E663005933CE /* Alamofire */; };
		37ACC0712D37E669005933CE /* Then in Frameworks */ = {isa = PBXBuildFile; productRef = 37ACC0702D37E669005933CE /* Then */; };
		37ACC0742D37E673005933CE /* SnapKit in Frameworks */ = {isa = PBXBuildFile; productRef = 37ACC0732D37E673005933CE /* SnapKit */; };
		37ACC0762D37E685005933CE /* .gitignore in Resources */ = {isa = PBXBuildFile; fileRef = 37ACC0752D37E685005933CE /* .gitignore */; };
		37ACC07F2D37E6E3005933CE /* Assets.xcassets in Resources */ = {isa = PBXBuildFile; fileRef = 37ACC07B2D37E6E3005933CE /* Assets.xcassets */; };
		37ACC0802D37E6E3005933CE /* Config.xcconfig in Resources */ = {isa = PBXBuildFile; fileRef = 37ACC07C2D37E6E3005933CE /* Config.xcconfig */; };
		37ACC08B2D37F6BD005933CE /* ResultViewController.swift in Sources */ = {isa = PBXBuildFile; fileRef = 37ACC08A2D37F6BD005933CE /* ResultViewController.swift */; };
		37ACC08D2D37F6C9005933CE /* ResultView.swift in Sources */ = {isa = PBXBuildFile; fileRef = 37ACC08C2D37F6C9005933CE /* ResultView.swift */; };
		37ACC08F2D37FE0F005933CE /* ResultCollectionViewCell.swift in Sources */ = {isa = PBXBuildFile; fileRef = 37ACC08E2D37FE0F005933CE /* ResultCollectionViewCell.swift */; };
		37ACC0932D380DEA005933CE /* Shopping.swift in Sources */ = {isa = PBXBuildFile; fileRef = 37ACC0922D380DEA005933CE /* Shopping.swift */; };
		37ACC0952D381159005933CE /* NetworkManager.swift in Sources */ = {isa = PBXBuildFile; fileRef = 37ACC0942D381159005933CE /* NetworkManager.swift */; };
		37C448FA2D6F2C3900F3B0E0 /* WishListViewController.swift in Sources */ = {isa = PBXBuildFile; fileRef = 37C448F92D6F2C3900F3B0E0 /* WishListViewController.swift */; };
		37C448FC2D6F2C4100F3B0E0 /* WishListView.swift in Sources */ = {isa = PBXBuildFile; fileRef = 37C448FB2D6F2C4100F3B0E0 /* WishListView.swift */; };
		37C448FE2D6F2F8B00F3B0E0 /* WishList.swift in Sources */ = {isa = PBXBuildFile; fileRef = 37C448FD2D6F2F8B00F3B0E0 /* WishList.swift */; };
		37E85AE72D76DD7E004A6930 /* LikeViewController.swift in Sources */ = {isa = PBXBuildFile; fileRef = 37E85AE62D76DD7E004A6930 /* LikeViewController.swift */; };
		37E85AE92D76DD9B004A6930 /* LikeView.swift in Sources */ = {isa = PBXBuildFile; fileRef = 37E85AE82D76DD9B004A6930 /* LikeView.swift */; };
		37E85AF42D76E561004A6930 /* Like.swift in Sources */ = {isa = PBXBuildFile; fileRef = 37E85AF32D76E561004A6930 /* Like.swift */; };
		37E85AF72D76E5E5004A6930 /* RealmSwift in Frameworks */ = {isa = PBXBuildFile; productRef = 37E85AF62D76E5E5004A6930 /* RealmSwift */; };
		37E85AFA2D770521004A6930 /* Toast in Frameworks */ = {isa = PBXBuildFile; productRef = 37E85AF92D770521004A6930 /* Toast */; };
		37E85AFC2D776F4D004A6930 /* LikeViewModel.swift in Sources */ = {isa = PBXBuildFile; fileRef = 37E85AFB2D776F4D004A6930 /* LikeViewModel.swift */; };
/* End PBXBuildFile section */

/* Begin PBXFileReference section */
		374196FF2D787801002577C6 /* FolderViewController.swift */ = {isa = PBXFileReference; lastKnownFileType = sourcecode.swift; path = FolderViewController.swift; sourceTree = "<group>"; };
		374197012D787811002577C6 /* FolderView.swift */ = {isa = PBXFileReference; lastKnownFileType = sourcecode.swift; path = FolderView.swift; sourceTree = "<group>"; };
		374197032D787825002577C6 /* FolderViewModel.swift */ = {isa = PBXFileReference; lastKnownFileType = sourcecode.swift; path = FolderViewModel.swift; sourceTree = "<group>"; };
		374197072D787DF5002577C6 /* FolderCell.swift */ = {isa = PBXFileReference; lastKnownFileType = sourcecode.swift; path = FolderCell.swift; sourceTree = "<group>"; };
		374197092D787E23002577C6 /* BaseTableViewCell.swift */ = {isa = PBXFileReference; lastKnownFileType = sourcecode.swift; path = BaseTableViewCell.swift; sourceTree = "<group>"; };
		3741970F2D7883E1002577C6 /* FolderTableRepository.swift */ = {isa = PBXFileReference; lastKnownFileType = sourcecode.swift; path = FolderTableRepository.swift; sourceTree = "<group>"; };
		374197112D7886B4002577C6 /* Folder.swift */ = {isa = PBXFileReference; lastKnownFileType = sourcecode.swift; path = Folder.swift; sourceTree = "<group>"; };
		374197132D789044002577C6 /* WishListViewModel.swift */ = {isa = PBXFileReference; lastKnownFileType = sourcecode.swift; path = WishListViewModel.swift; sourceTree = "<group>"; };
		374197152D78A309002577C6 /* WishListTableRepository.swift */ = {isa = PBXFileReference; lastKnownFileType = sourcecode.swift; path = WishListTableRepository.swift; sourceTree = "<group>"; };
		3774DA0B2D549C60007F239F /* ShoppingView.swift */ = {isa = PBXFileReference; lastKnownFileType = sourcecode.swift; path = ShoppingView.swift; sourceTree = "<group>"; };
		3774DA0C2D549C60007F239F /* ShoppingViewController.swift */ = {isa = PBXFileReference; lastKnownFileType = sourcecode.swift; path = ShoppingViewController.swift; sourceTree = "<group>"; };
		3774DA152D549CD0007F239F /* ShoppingViewModel.swift */ = {isa = PBXFileReference; lastKnownFileType = sourcecode.swift; path = ShoppingViewModel.swift; sourceTree = "<group>"; };
		3774DA192D549DB1007F239F /* ResultViewModel.swift */ = {isa = PBXFileReference; lastKnownFileType = sourcecode.swift; path = ResultViewModel.swift; sourceTree = "<group>"; };
		37A3F0B92D391D930085C9F8 /* BaseView.swift */ = {isa = PBXFileReference; lastKnownFileType = sourcecode.swift; path = BaseView.swift; sourceTree = "<group>"; };
		37A3F0BC2D391FFE0085C9F8 /* BaseViewController.swift */ = {isa = PBXFileReference; lastKnownFileType = sourcecode.swift; path = BaseViewController.swift; sourceTree = "<group>"; };
		37A3F0BE2D39220F0085C9F8 /* BaseCollectionViewCell.swift */ = {isa = PBXFileReference; lastKnownFileType = sourcecode.swift; path = BaseCollectionViewCell.swift; sourceTree = "<group>"; };
		37A3F0C32D3926B40085C9F8 /* UIViewController+Extension.swift */ = {isa = PBXFileReference; lastKnownFileType = sourcecode.swift; path = "UIViewController+Extension.swift"; sourceTree = "<group>"; };
		37A3F0CA2D395BCD0085C9F8 /* Sort.swift */ = {isa = PBXFileReference; lastKnownFileType = sourcecode.swift; path = Sort.swift; sourceTree = "<group>"; };
		37ACC0402D37DB46005933CE /* SeSAC-Shopping.app */ = {isa = PBXFileReference; explicitFileType = wrapper.application; includeInIndex = 0; path = "SeSAC-Shopping.app"; sourceTree = BUILT_PRODUCTS_DIR; };
		37ACC0582D37E630005933CE /* AppDelegate.swift */ = {isa = PBXFileReference; lastKnownFileType = sourcecode.swift; path = AppDelegate.swift; sourceTree = "<group>"; };
		37ACC05B2D37E630005933CE /* Base */ = {isa = PBXFileReference; lastKnownFileType = file.storyboard; name = Base; path = Base.lproj/LaunchScreen.storyboard; sourceTree = "<group>"; };
		37ACC05F2D37E630005933CE /* SceneDelegate.swift */ = {isa = PBXFileReference; lastKnownFileType = sourcecode.swift; path = SceneDelegate.swift; sourceTree = "<group>"; };
		37ACC0752D37E685005933CE /* .gitignore */ = {isa = PBXFileReference; lastKnownFileType = text; path = .gitignore; sourceTree = "<group>"; };
		37ACC07B2D37E6E3005933CE /* Assets.xcassets */ = {isa = PBXFileReference; lastKnownFileType = folder.assetcatalog; path = Assets.xcassets; sourceTree = "<group>"; };
		37ACC07C2D37E6E3005933CE /* Config.xcconfig */ = {isa = PBXFileReference; lastKnownFileType = text.xcconfig; path = Config.xcconfig; sourceTree = "<group>"; };
		37ACC07D2D37E6E3005933CE /* Info.plist */ = {isa = PBXFileReference; lastKnownFileType = text.plist.xml; path = Info.plist; sourceTree = "<group>"; };
		37ACC08A2D37F6BD005933CE /* ResultViewController.swift */ = {isa = PBXFileReference; lastKnownFileType = sourcecode.swift; path = ResultViewController.swift; sourceTree = "<group>"; };
		37ACC08C2D37F6C9005933CE /* ResultView.swift */ = {isa = PBXFileReference; lastKnownFileType = sourcecode.swift; path = ResultView.swift; sourceTree = "<group>"; };
		37ACC08E2D37FE0F005933CE /* ResultCollectionViewCell.swift */ = {isa = PBXFileReference; lastKnownFileType = sourcecode.swift; path = ResultCollectionViewCell.swift; sourceTree = "<group>"; };
		37ACC0922D380DEA005933CE /* Shopping.swift */ = {isa = PBXFileReference; lastKnownFileType = sourcecode.swift; path = Shopping.swift; sourceTree = "<group>"; };
		37ACC0942D381159005933CE /* NetworkManager.swift */ = {isa = PBXFileReference; lastKnownFileType = sourcecode.swift; path = NetworkManager.swift; sourceTree = "<group>"; };
		37C448F92D6F2C3900F3B0E0 /* WishListViewController.swift */ = {isa = PBXFileReference; lastKnownFileType = sourcecode.swift; path = WishListViewController.swift; sourceTree = "<group>"; };
		37C448FB2D6F2C4100F3B0E0 /* WishListView.swift */ = {isa = PBXFileReference; lastKnownFileType = sourcecode.swift; path = WishListView.swift; sourceTree = "<group>"; };
		37C448FD2D6F2F8B00F3B0E0 /* WishList.swift */ = {isa = PBXFileReference; lastKnownFileType = sourcecode.swift; path = WishList.swift; sourceTree = "<group>"; };
		37E85AE62D76DD7E004A6930 /* LikeViewController.swift */ = {isa = PBXFileReference; lastKnownFileType = sourcecode.swift; path = LikeViewController.swift; sourceTree = "<group>"; };
		37E85AE82D76DD9B004A6930 /* LikeView.swift */ = {isa = PBXFileReference; lastKnownFileType = sourcecode.swift; path = LikeView.swift; sourceTree = "<group>"; };
		37E85AF32D76E561004A6930 /* Like.swift */ = {isa = PBXFileReference; lastKnownFileType = sourcecode.swift; path = Like.swift; sourceTree = "<group>"; };
		37E85AFB2D776F4D004A6930 /* LikeViewModel.swift */ = {isa = PBXFileReference; lastKnownFileType = sourcecode.swift; path = LikeViewModel.swift; sourceTree = "<group>"; };
/* End PBXFileReference section */

/* Begin PBXFrameworksBuildPhase section */
		37ACC03D2D37DB46005933CE /* Frameworks */ = {
			isa = PBXFrameworksBuildPhase;
			buildActionMask = 2147483647;
			files = (
				37E85AFA2D770521004A6930 /* Toast in Frameworks */,
				375C6E9E2D6E143400E4EDA2 /* RxSwift in Frameworks */,
				37ACC06B2D37E652005933CE /* Kingfisher in Frameworks */,
				37E85AF72D76E5E5004A6930 /* RealmSwift in Frameworks */,
				37ACC0742D37E673005933CE /* SnapKit in Frameworks */,
				375C6E9C2D6E143400E4EDA2 /* RxCocoa in Frameworks */,
				37ACC0712D37E669005933CE /* Then in Frameworks */,
				37ACC06E2D37E663005933CE /* Alamofire in Frameworks */,
			);
			runOnlyForDeploymentPostprocessing = 0;
		};
/* End PBXFrameworksBuildPhase section */

/* Begin PBXGroup section */
		374196FE2D7877ED002577C6 /* Folder */ = {
			isa = PBXGroup;
			children = (
				374197072D787DF5002577C6 /* FolderCell.swift */,
				374197012D787811002577C6 /* FolderView.swift */,
				374196FF2D787801002577C6 /* FolderViewController.swift */,
			);
			path = Folder;
			sourceTree = "<group>";
		};
		3741970B2D7882A2002577C6 /* Network */ = {
			isa = PBXGroup;
			children = (
				37ACC0942D381159005933CE /* NetworkManager.swift */,
			);
			path = Network;
			sourceTree = "<group>";
		};
		3741970C2D7882C9002577C6 /* Repository */ = {
			isa = PBXGroup;
			children = (
				3741970F2D7883E1002577C6 /* FolderTableRepository.swift */,
				374197152D78A309002577C6 /* WishListTableRepository.swift */,
			);
			path = Repository;
			sourceTree = "<group>";
		};
		3774DA0D2D549C60007F239F /* Shopping */ = {
			isa = PBXGroup;
			children = (
				3774DA0B2D549C60007F239F /* ShoppingView.swift */,
				3774DA0C2D549C60007F239F /* ShoppingViewController.swift */,
			);
			path = Shopping;
			sourceTree = "<group>";
		};
		3774DA112D549C6E007F239F /* Result */ = {
			isa = PBXGroup;
			children = (
				37ACC08C2D37F6C9005933CE /* ResultView.swift */,
				37ACC08E2D37FE0F005933CE /* ResultCollectionViewCell.swift */,
				37ACC08A2D37F6BD005933CE /* ResultViewController.swift */,
			);
			path = Result;
			sourceTree = "<group>";
		};
		3774DA142D549CBE007F239F /* ViewModel */ = {
			isa = PBXGroup;
			children = (
				3774DA152D549CD0007F239F /* ShoppingViewModel.swift */,
				3774DA192D549DB1007F239F /* ResultViewModel.swift */,
				37E85AFB2D776F4D004A6930 /* LikeViewModel.swift */,
				374197032D787825002577C6 /* FolderViewModel.swift */,
				374197132D789044002577C6 /* WishListViewModel.swift */,
			);
			path = ViewModel;
			sourceTree = "<group>";
		};
		37A3F0B52D391D6A0085C9F8 /* Util */ = {
			isa = PBXGroup;
			children = (
				37A3F0C42D3926B40085C9F8 /* Extension */,
				37A3F0BA2D391D930085C9F8 /* Base */,
			);
			path = Util;
			sourceTree = "<group>";
		};
		37A3F0BA2D391D930085C9F8 /* Base */ = {
			isa = PBXGroup;
			children = (
				37A3F0B92D391D930085C9F8 /* BaseView.swift */,
				37A3F0BC2D391FFE0085C9F8 /* BaseViewController.swift */,
				374197092D787E23002577C6 /* BaseTableViewCell.swift */,
				37A3F0BE2D39220F0085C9F8 /* BaseCollectionViewCell.swift */,
			);
			path = Base;
			sourceTree = "<group>";
		};
		37A3F0C42D3926B40085C9F8 /* Extension */ = {
			isa = PBXGroup;
			children = (
				37A3F0C32D3926B40085C9F8 /* UIViewController+Extension.swift */,
			);
			path = Extension;
			sourceTree = "<group>";
		};
		37ACC0372D37DB46005933CE = {
			isa = PBXGroup;
			children = (
				37ACC0752D37E685005933CE /* .gitignore */,
				37ACC0612D37E630005933CE /* SeSAC-Shopping */,
				37ACC0412D37DB46005933CE /* Products */,
			);
			sourceTree = "<group>";
		};
		37ACC0412D37DB46005933CE /* Products */ = {
			isa = PBXGroup;
			children = (
				37ACC0402D37DB46005933CE /* SeSAC-Shopping.app */,
			);
			name = Products;
			sourceTree = "<group>";
		};
		37ACC0612D37E630005933CE /* SeSAC-Shopping */ = {
			isa = PBXGroup;
			children = (
				37ACC0582D37E630005933CE /* AppDelegate.swift */,
				37ACC05F2D37E630005933CE /* SceneDelegate.swift */,
				37A3F0B52D391D6A0085C9F8 /* Util */,
				37ACC0912D380D07005933CE /* Model */,
				3774DA142D549CBE007F239F /* ViewModel */,
				37ACC0872D37EB84005933CE /* View */,
				37ACC07E2D37E6E3005933CE /* Resource */,
			);
			path = "SeSAC-Shopping";
			sourceTree = "<group>";
		};
		37ACC07E2D37E6E3005933CE /* Resource */ = {
			isa = PBXGroup;
			children = (
				37ACC05C2D37E630005933CE /* LaunchScreen.storyboard */,
				37ACC07B2D37E6E3005933CE /* Assets.xcassets */,
				37ACC07C2D37E6E3005933CE /* Config.xcconfig */,
				37ACC07D2D37E6E3005933CE /* Info.plist */,
			);
			path = Resource;
			sourceTree = "<group>";
		};
		37ACC0872D37EB84005933CE /* View */ = {
			isa = PBXGroup;
			children = (
				3774DA0D2D549C60007F239F /* Shopping */,
				3774DA112D549C6E007F239F /* Result */,
				37E85AE52D76DD5B004A6930 /* Like */,
				374196FE2D7877ED002577C6 /* Folder */,
				37C448F82D6F2C2300F3B0E0 /* WishList */,
			);
			path = View;
			sourceTree = "<group>";
		};
		37ACC0912D380D07005933CE /* Model */ = {
			isa = PBXGroup;
			children = (
				37A3F0CA2D395BCD0085C9F8 /* Sort.swift */,
				37ACC0922D380DEA005933CE /* Shopping.swift */,
				37E85AF32D76E561004A6930 /* Like.swift */,
				374197112D7886B4002577C6 /* Folder.swift */,
				37C448FD2D6F2F8B00F3B0E0 /* WishList.swift */,
				3741970B2D7882A2002577C6 /* Network */,
				3741970C2D7882C9002577C6 /* Repository */,
			);
			path = Model;
			sourceTree = "<group>";
		};
		37C448F82D6F2C2300F3B0E0 /* WishList */ = {
			isa = PBXGroup;
			children = (
				37C448FB2D6F2C4100F3B0E0 /* WishListView.swift */,
				37C448F92D6F2C3900F3B0E0 /* WishListViewController.swift */,
			);
			path = WishList;
			sourceTree = "<group>";
		};
		37E85AE52D76DD5B004A6930 /* Like */ = {
			isa = PBXGroup;
			children = (
				37E85AE82D76DD9B004A6930 /* LikeView.swift */,
				37E85AE62D76DD7E004A6930 /* LikeViewController.swift */,
			);
			path = Like;
			sourceTree = "<group>";
		};
/* End PBXGroup section */

/* Begin PBXNativeTarget section */
		37ACC03F2D37DB46005933CE /* SeSAC-Shopping */ = {
			isa = PBXNativeTarget;
			buildConfigurationList = 37ACC0532D37DB47005933CE /* Build configuration list for PBXNativeTarget "SeSAC-Shopping" */;
			buildPhases = (
				37ACC03C2D37DB46005933CE /* Sources */,
				37ACC03D2D37DB46005933CE /* Frameworks */,
				37ACC03E2D37DB46005933CE /* Resources */,
			);
			buildRules = (
			);
			dependencies = (
			);
			name = "SeSAC-Shopping";
			packageProductDependencies = (
				37ACC06A2D37E652005933CE /* Kingfisher */,
				37ACC06D2D37E663005933CE /* Alamofire */,
				37ACC0702D37E669005933CE /* Then */,
				37ACC0732D37E673005933CE /* SnapKit */,
				375C6E9B2D6E143400E4EDA2 /* RxCocoa */,
				375C6E9D2D6E143400E4EDA2 /* RxSwift */,
				37E85AF62D76E5E5004A6930 /* RealmSwift */,
				37E85AF92D770521004A6930 /* Toast */,
			);
			productName = "SeSAC-Shopping";
			productReference = 37ACC0402D37DB46005933CE /* SeSAC-Shopping.app */;
			productType = "com.apple.product-type.application";
		};
/* End PBXNativeTarget section */

/* Begin PBXProject section */
		37ACC0382D37DB46005933CE /* Project object */ = {
			isa = PBXProject;
			attributes = {
				BuildIndependentTargetsInParallel = 1;
				LastSwiftUpdateCheck = 1620;
				LastUpgradeCheck = 1620;
				TargetAttributes = {
					37ACC03F2D37DB46005933CE = {
						CreatedOnToolsVersion = 16.2;
					};
				};
			};
			buildConfigurationList = 37ACC03B2D37DB46005933CE /* Build configuration list for PBXProject "SeSAC-Shopping" */;
			developmentRegion = en;
			hasScannedForEncodings = 0;
			knownRegions = (
				en,
				Base,
			);
			mainGroup = 37ACC0372D37DB46005933CE;
			minimizedProjectReferenceProxies = 1;
			packageReferences = (
				37ACC0692D37E652005933CE /* XCRemoteSwiftPackageReference "Kingfisher" */,
				37ACC06C2D37E663005933CE /* XCRemoteSwiftPackageReference "Alamofire" */,
				37ACC06F2D37E669005933CE /* XCRemoteSwiftPackageReference "Then" */,
				37ACC0722D37E673005933CE /* XCRemoteSwiftPackageReference "SnapKit" */,
				375C6E9A2D6E143400E4EDA2 /* XCRemoteSwiftPackageReference "RxSwift" */,
				37E85AF52D76E5E5004A6930 /* XCRemoteSwiftPackageReference "realm-swift" */,
				37E85AF82D770521004A6930 /* XCRemoteSwiftPackageReference "Toast-Swift" */,
			);
			preferredProjectObjectVersion = 77;
			productRefGroup = 37ACC0412D37DB46005933CE /* Products */;
			projectDirPath = "";
			projectRoot = "";
			targets = (
				37ACC03F2D37DB46005933CE /* SeSAC-Shopping */,
			);
		};
/* End PBXProject section */

/* Begin PBXResourcesBuildPhase section */
		37ACC03E2D37DB46005933CE /* Resources */ = {
			isa = PBXResourcesBuildPhase;
			buildActionMask = 2147483647;
			files = (
				37ACC0762D37E685005933CE /* .gitignore in Resources */,
				37ACC07F2D37E6E3005933CE /* Assets.xcassets in Resources */,
				37ACC0802D37E6E3005933CE /* Config.xcconfig in Resources */,
				37ACC0642D37E630005933CE /* LaunchScreen.storyboard in Resources */,
			);
			runOnlyForDeploymentPostprocessing = 0;
		};
/* End PBXResourcesBuildPhase section */

/* Begin PBXSourcesBuildPhase section */
		37ACC03C2D37DB46005933CE /* Sources */ = {
			isa = PBXSourcesBuildPhase;
			buildActionMask = 2147483647;
			files = (
				37E85AE92D76DD9B004A6930 /* LikeView.swift in Sources */,
				3774DA1A2D549DB1007F239F /* ResultViewModel.swift in Sources */,
				37ACC0952D381159005933CE /* NetworkManager.swift in Sources */,
				37A3F0C52D3926B40085C9F8 /* UIViewController+Extension.swift in Sources */,
				3741970A2D787E23002577C6 /* BaseTableViewCell.swift in Sources */,
				37C448FA2D6F2C3900F3B0E0 /* WishListViewController.swift in Sources */,
				374197022D787811002577C6 /* FolderView.swift in Sources */,
				374197042D787825002577C6 /* FolderViewModel.swift in Sources */,
				37ACC08B2D37F6BD005933CE /* ResultViewController.swift in Sources */,
				3774DA0E2D549C60007F239F /* ShoppingView.swift in Sources */,
				37C448FE2D6F2F8B00F3B0E0 /* WishList.swift in Sources */,
				374197122D7886B4002577C6 /* Folder.swift in Sources */,
				374197002D787801002577C6 /* FolderViewController.swift in Sources */,
				374197102D7883E1002577C6 /* FolderTableRepository.swift in Sources */,
				374197082D787DF5002577C6 /* FolderCell.swift in Sources */,
				3774DA0F2D549C60007F239F /* ShoppingViewController.swift in Sources */,
				37A3F0BD2D391FFE0085C9F8 /* BaseViewController.swift in Sources */,
				37ACC0932D380DEA005933CE /* Shopping.swift in Sources */,
				3774DA162D549CD0007F239F /* ShoppingViewModel.swift in Sources */,
				374197142D789044002577C6 /* WishListViewModel.swift in Sources */,
				37A3F0BF2D39220F0085C9F8 /* BaseCollectionViewCell.swift in Sources */,
				37E85AF42D76E561004A6930 /* Like.swift in Sources */,
				37C448FC2D6F2C4100F3B0E0 /* WishListView.swift in Sources */,
				374197162D78A309002577C6 /* WishListTableRepository.swift in Sources */,
				37ACC0662D37E630005933CE /* AppDelegate.swift in Sources */,
				37ACC08F2D37FE0F005933CE /* ResultCollectionViewCell.swift in Sources */,
				37A3F0BB2D391D930085C9F8 /* BaseView.swift in Sources */,
				37A3F0CB2D395BCD0085C9F8 /* Sort.swift in Sources */,
				37E85AFC2D776F4D004A6930 /* LikeViewModel.swift in Sources */,
				37ACC0672D37E630005933CE /* SceneDelegate.swift in Sources */,
				37ACC08D2D37F6C9005933CE /* ResultView.swift in Sources */,
				37E85AE72D76DD7E004A6930 /* LikeViewController.swift in Sources */,
			);
			runOnlyForDeploymentPostprocessing = 0;
		};
/* End PBXSourcesBuildPhase section */

/* Begin PBXVariantGroup section */
		37ACC05C2D37E630005933CE /* LaunchScreen.storyboard */ = {
			isa = PBXVariantGroup;
			children = (
				37ACC05B2D37E630005933CE /* Base */,
			);
			name = LaunchScreen.storyboard;
			sourceTree = "<group>";
		};
/* End PBXVariantGroup section */

/* Begin XCBuildConfiguration section */
		37ACC0542D37DB47005933CE /* Debug */ = {
			isa = XCBuildConfiguration;
			baseConfigurationReference = 37ACC07C2D37E6E3005933CE /* Config.xcconfig */;
			buildSettings = {
				ASSETCATALOG_COMPILER_APPICON_NAME = AppIcon;
				ASSETCATALOG_COMPILER_GLOBAL_ACCENT_COLOR_NAME = AccentColor;
				CODE_SIGN_STYLE = Automatic;
				CURRENT_PROJECT_VERSION = 1;
				DEVELOPMENT_TEAM = Z4QC7WDU5Z;
				GENERATE_INFOPLIST_FILE = YES;
				INFOPLIST_FILE = "SeSAC-Shopping/Resource/Info.plist";
				INFOPLIST_KEY_UIApplicationSupportsIndirectInputEvents = YES;
				INFOPLIST_KEY_UILaunchStoryboardName = LaunchScreen;
				INFOPLIST_KEY_UISupportedInterfaceOrientations = UIInterfaceOrientationPortrait;
				INFOPLIST_KEY_UISupportedInterfaceOrientations_iPad = "UIInterfaceOrientationLandscapeLeft UIInterfaceOrientationLandscapeRight UIInterfaceOrientationPortrait UIInterfaceOrientationPortraitUpsideDown";
				LD_RUNPATH_SEARCH_PATHS = (
					"$(inherited)",
					"@executable_path/Frameworks",
				);
				MARKETING_VERSION = 1.0;
				PRODUCT_BUNDLE_IDENTIFIER = "com.kjh.SeSAC-Shopping";
				PRODUCT_NAME = "$(TARGET_NAME)";
				SUPPORTED_PLATFORMS = "iphoneos iphonesimulator";
				SUPPORTS_MACCATALYST = NO;
				SUPPORTS_MAC_DESIGNED_FOR_IPHONE_IPAD = NO;
				SUPPORTS_XR_DESIGNED_FOR_IPHONE_IPAD = NO;
				SWIFT_EMIT_LOC_STRINGS = YES;
				SWIFT_VERSION = 5.0;
				TARGETED_DEVICE_FAMILY = 1;
			};
			name = Debug;
		};
		37ACC0552D37DB47005933CE /* Release */ = {
			isa = XCBuildConfiguration;
			baseConfigurationReference = 37ACC07C2D37E6E3005933CE /* Config.xcconfig */;
			buildSettings = {
				ASSETCATALOG_COMPILER_APPICON_NAME = AppIcon;
				ASSETCATALOG_COMPILER_GLOBAL_ACCENT_COLOR_NAME = AccentColor;
				CODE_SIGN_STYLE = Automatic;
				CURRENT_PROJECT_VERSION = 1;
				DEVELOPMENT_TEAM = Z4QC7WDU5Z;
				GENERATE_INFOPLIST_FILE = YES;
				INFOPLIST_FILE = "SeSAC-Shopping/Resource/Info.plist";
				INFOPLIST_KEY_UIApplicationSupportsIndirectInputEvents = YES;
				INFOPLIST_KEY_UILaunchStoryboardName = LaunchScreen;
				INFOPLIST_KEY_UISupportedInterfaceOrientations = UIInterfaceOrientationPortrait;
				INFOPLIST_KEY_UISupportedInterfaceOrientations_iPad = "UIInterfaceOrientationLandscapeLeft UIInterfaceOrientationLandscapeRight UIInterfaceOrientationPortrait UIInterfaceOrientationPortraitUpsideDown";
				LD_RUNPATH_SEARCH_PATHS = (
					"$(inherited)",
					"@executable_path/Frameworks",
				);
				MARKETING_VERSION = 1.0;
				PRODUCT_BUNDLE_IDENTIFIER = "com.kjh.SeSAC-Shopping";
				PRODUCT_NAME = "$(TARGET_NAME)";
				SUPPORTED_PLATFORMS = "iphoneos iphonesimulator";
				SUPPORTS_MACCATALYST = NO;
				SUPPORTS_MAC_DESIGNED_FOR_IPHONE_IPAD = NO;
				SUPPORTS_XR_DESIGNED_FOR_IPHONE_IPAD = NO;
				SWIFT_EMIT_LOC_STRINGS = YES;
				SWIFT_VERSION = 5.0;
				TARGETED_DEVICE_FAMILY = 1;
			};
			name = Release;
		};
		37ACC0562D37DB47005933CE /* Debug */ = {
			isa = XCBuildConfiguration;
			baseConfigurationReference = 37ACC07C2D37E6E3005933CE /* Config.xcconfig */;
			buildSettings = {
				ALWAYS_SEARCH_USER_PATHS = NO;
				ASSETCATALOG_COMPILER_GENERATE_SWIFT_ASSET_SYMBOL_EXTENSIONS = YES;
				CLANG_ANALYZER_NONNULL = YES;
				CLANG_ANALYZER_NUMBER_OBJECT_CONVERSION = YES_AGGRESSIVE;
				CLANG_CXX_LANGUAGE_STANDARD = "gnu++20";
				CLANG_ENABLE_MODULES = YES;
				CLANG_ENABLE_OBJC_ARC = YES;
				CLANG_ENABLE_OBJC_WEAK = YES;
				CLANG_WARN_BLOCK_CAPTURE_AUTORELEASING = YES;
				CLANG_WARN_BOOL_CONVERSION = YES;
				CLANG_WARN_COMMA = YES;
				CLANG_WARN_CONSTANT_CONVERSION = YES;
				CLANG_WARN_DEPRECATED_OBJC_IMPLEMENTATIONS = YES;
				CLANG_WARN_DIRECT_OBJC_ISA_USAGE = YES_ERROR;
				CLANG_WARN_DOCUMENTATION_COMMENTS = YES;
				CLANG_WARN_EMPTY_BODY = YES;
				CLANG_WARN_ENUM_CONVERSION = YES;
				CLANG_WARN_INFINITE_RECURSION = YES;
				CLANG_WARN_INT_CONVERSION = YES;
				CLANG_WARN_NON_LITERAL_NULL_CONVERSION = YES;
				CLANG_WARN_OBJC_IMPLICIT_RETAIN_SELF = YES;
				CLANG_WARN_OBJC_LITERAL_CONVERSION = YES;
				CLANG_WARN_OBJC_ROOT_CLASS = YES_ERROR;
				CLANG_WARN_QUOTED_INCLUDE_IN_FRAMEWORK_HEADER = YES;
				CLANG_WARN_RANGE_LOOP_ANALYSIS = YES;
				CLANG_WARN_STRICT_PROTOTYPES = YES;
				CLANG_WARN_SUSPICIOUS_MOVE = YES;
				CLANG_WARN_UNGUARDED_AVAILABILITY = YES_AGGRESSIVE;
				CLANG_WARN_UNREACHABLE_CODE = YES;
				CLANG_WARN__DUPLICATE_METHOD_MATCH = YES;
				COPY_PHASE_STRIP = NO;
				DEBUG_INFORMATION_FORMAT = dwarf;
				ENABLE_STRICT_OBJC_MSGSEND = YES;
				ENABLE_TESTABILITY = YES;
				ENABLE_USER_SCRIPT_SANDBOXING = YES;
				GCC_C_LANGUAGE_STANDARD = gnu17;
				GCC_DYNAMIC_NO_PIC = NO;
				GCC_NO_COMMON_BLOCKS = YES;
				GCC_OPTIMIZATION_LEVEL = 0;
				GCC_PREPROCESSOR_DEFINITIONS = (
					"DEBUG=1",
					"$(inherited)",
				);
				GCC_WARN_64_TO_32_BIT_CONVERSION = YES;
				GCC_WARN_ABOUT_RETURN_TYPE = YES_ERROR;
				GCC_WARN_UNDECLARED_SELECTOR = YES;
				GCC_WARN_UNINITIALIZED_AUTOS = YES_AGGRESSIVE;
				GCC_WARN_UNUSED_FUNCTION = YES;
				GCC_WARN_UNUSED_VARIABLE = YES;
				IPHONEOS_DEPLOYMENT_TARGET = 18.2;
				LOCALIZATION_PREFERS_STRING_CATALOGS = YES;
				MTL_ENABLE_DEBUG_INFO = INCLUDE_SOURCE;
				MTL_FAST_MATH = YES;
				ONLY_ACTIVE_ARCH = YES;
				SDKROOT = iphoneos;
				SWIFT_ACTIVE_COMPILATION_CONDITIONS = "DEBUG $(inherited)";
				SWIFT_OPTIMIZATION_LEVEL = "-Onone";
			};
			name = Debug;
		};
		37ACC0572D37DB47005933CE /* Release */ = {
			isa = XCBuildConfiguration;
			baseConfigurationReference = 37ACC07C2D37E6E3005933CE /* Config.xcconfig */;
			buildSettings = {
				ALWAYS_SEARCH_USER_PATHS = NO;
				ASSETCATALOG_COMPILER_GENERATE_SWIFT_ASSET_SYMBOL_EXTENSIONS = YES;
				CLANG_ANALYZER_NONNULL = YES;
				CLANG_ANALYZER_NUMBER_OBJECT_CONVERSION = YES_AGGRESSIVE;
				CLANG_CXX_LANGUAGE_STANDARD = "gnu++20";
				CLANG_ENABLE_MODULES = YES;
				CLANG_ENABLE_OBJC_ARC = YES;
				CLANG_ENABLE_OBJC_WEAK = YES;
				CLANG_WARN_BLOCK_CAPTURE_AUTORELEASING = YES;
				CLANG_WARN_BOOL_CONVERSION = YES;
				CLANG_WARN_COMMA = YES;
				CLANG_WARN_CONSTANT_CONVERSION = YES;
				CLANG_WARN_DEPRECATED_OBJC_IMPLEMENTATIONS = YES;
				CLANG_WARN_DIRECT_OBJC_ISA_USAGE = YES_ERROR;
				CLANG_WARN_DOCUMENTATION_COMMENTS = YES;
				CLANG_WARN_EMPTY_BODY = YES;
				CLANG_WARN_ENUM_CONVERSION = YES;
				CLANG_WARN_INFINITE_RECURSION = YES;
				CLANG_WARN_INT_CONVERSION = YES;
				CLANG_WARN_NON_LITERAL_NULL_CONVERSION = YES;
				CLANG_WARN_OBJC_IMPLICIT_RETAIN_SELF = YES;
				CLANG_WARN_OBJC_LITERAL_CONVERSION = YES;
				CLANG_WARN_OBJC_ROOT_CLASS = YES_ERROR;
				CLANG_WARN_QUOTED_INCLUDE_IN_FRAMEWORK_HEADER = YES;
				CLANG_WARN_RANGE_LOOP_ANALYSIS = YES;
				CLANG_WARN_STRICT_PROTOTYPES = YES;
				CLANG_WARN_SUSPICIOUS_MOVE = YES;
				CLANG_WARN_UNGUARDED_AVAILABILITY = YES_AGGRESSIVE;
				CLANG_WARN_UNREACHABLE_CODE = YES;
				CLANG_WARN__DUPLICATE_METHOD_MATCH = YES;
				COPY_PHASE_STRIP = NO;
				DEBUG_INFORMATION_FORMAT = "dwarf-with-dsym";
				ENABLE_NS_ASSERTIONS = NO;
				ENABLE_STRICT_OBJC_MSGSEND = YES;
				ENABLE_USER_SCRIPT_SANDBOXING = YES;
				GCC_C_LANGUAGE_STANDARD = gnu17;
				GCC_NO_COMMON_BLOCKS = YES;
				GCC_WARN_64_TO_32_BIT_CONVERSION = YES;
				GCC_WARN_ABOUT_RETURN_TYPE = YES_ERROR;
				GCC_WARN_UNDECLARED_SELECTOR = YES;
				GCC_WARN_UNINITIALIZED_AUTOS = YES_AGGRESSIVE;
				GCC_WARN_UNUSED_FUNCTION = YES;
				GCC_WARN_UNUSED_VARIABLE = YES;
				IPHONEOS_DEPLOYMENT_TARGET = 18.2;
				LOCALIZATION_PREFERS_STRING_CATALOGS = YES;
				MTL_ENABLE_DEBUG_INFO = NO;
				MTL_FAST_MATH = YES;
				SDKROOT = iphoneos;
				SWIFT_COMPILATION_MODE = wholemodule;
				VALIDATE_PRODUCT = YES;
			};
			name = Release;
		};
/* End XCBuildConfiguration section */

/* Begin XCConfigurationList section */
		37ACC03B2D37DB46005933CE /* Build configuration list for PBXProject "SeSAC-Shopping" */ = {
			isa = XCConfigurationList;
			buildConfigurations = (
				37ACC0562D37DB47005933CE /* Debug */,
				37ACC0572D37DB47005933CE /* Release */,
			);
			defaultConfigurationIsVisible = 0;
			defaultConfigurationName = Release;
		};
		37ACC0532D37DB47005933CE /* Build configuration list for PBXNativeTarget "SeSAC-Shopping" */ = {
			isa = XCConfigurationList;
			buildConfigurations = (
				37ACC0542D37DB47005933CE /* Debug */,
				37ACC0552D37DB47005933CE /* Release */,
			);
			defaultConfigurationIsVisible = 0;
			defaultConfigurationName = Release;
		};
/* End XCConfigurationList section */

/* Begin XCRemoteSwiftPackageReference section */
		375C6E9A2D6E143400E4EDA2 /* XCRemoteSwiftPackageReference "RxSwift" */ = {
			isa = XCRemoteSwiftPackageReference;
			repositoryURL = "https://github.com/ReactiveX/RxSwift.git";
			requirement = {
				kind = upToNextMajorVersion;
				minimumVersion = 6.9.0;
			};
		};
		37ACC0692D37E652005933CE /* XCRemoteSwiftPackageReference "Kingfisher" */ = {
			isa = XCRemoteSwiftPackageReference;
			repositoryURL = "https://github.com/onevcat/Kingfisher.git";
			requirement = {
				kind = upToNextMajorVersion;
				minimumVersion = 8.1.3;
			};
		};
		37ACC06C2D37E663005933CE /* XCRemoteSwiftPackageReference "Alamofire" */ = {
			isa = XCRemoteSwiftPackageReference;
			repositoryURL = "https://github.com/Alamofire/Alamofire.git";
			requirement = {
				kind = upToNextMajorVersion;
				minimumVersion = 5.10.2;
			};
		};
		37ACC06F2D37E669005933CE /* XCRemoteSwiftPackageReference "Then" */ = {
			isa = XCRemoteSwiftPackageReference;
			repositoryURL = "https://github.com/devxoul/Then.git";
			requirement = {
				kind = upToNextMajorVersion;
				minimumVersion = 3.0.0;
			};
		};
		37ACC0722D37E673005933CE /* XCRemoteSwiftPackageReference "SnapKit" */ = {
			isa = XCRemoteSwiftPackageReference;
			repositoryURL = "https://github.com/SnapKit/SnapKit.git";
			requirement = {
				kind = upToNextMajorVersion;
				minimumVersion = 5.7.1;
			};
		};
		37E85AF52D76E5E5004A6930 /* XCRemoteSwiftPackageReference "realm-swift" */ = {
			isa = XCRemoteSwiftPackageReference;
			repositoryURL = "https://github.com/realm/realm-swift.git";
			requirement = {
				kind = exactVersion;
				version = 20.0.1;
			};
		};
		37E85AF82D770521004A6930 /* XCRemoteSwiftPackageReference "Toast-Swift" */ = {
			isa = XCRemoteSwiftPackageReference;
			repositoryURL = "https://github.com/scalessec/Toast-Swift.git";
			requirement = {
				kind = upToNextMajorVersion;
				minimumVersion = 5.1.1;
			};
		};
/* End XCRemoteSwiftPackageReference section */

/* Begin XCSwiftPackageProductDependency section */
		375C6E9B2D6E143400E4EDA2 /* RxCocoa */ = {
			isa = XCSwiftPackageProductDependency;
			package = 375C6E9A2D6E143400E4EDA2 /* XCRemoteSwiftPackageReference "RxSwift" */;
			productName = RxCocoa;
		};
		375C6E9D2D6E143400E4EDA2 /* RxSwift */ = {
			isa = XCSwiftPackageProductDependency;
			package = 375C6E9A2D6E143400E4EDA2 /* XCRemoteSwiftPackageReference "RxSwift" */;
			productName = RxSwift;
		};
		37ACC06A2D37E652005933CE /* Kingfisher */ = {
			isa = XCSwiftPackageProductDependency;
			package = 37ACC0692D37E652005933CE /* XCRemoteSwiftPackageReference "Kingfisher" */;
			productName = Kingfisher;
		};
		37ACC06D2D37E663005933CE /* Alamofire */ = {
			isa = XCSwiftPackageProductDependency;
			package = 37ACC06C2D37E663005933CE /* XCRemoteSwiftPackageReference "Alamofire" */;
			productName = Alamofire;
		};
		37ACC0702D37E669005933CE /* Then */ = {
			isa = XCSwiftPackageProductDependency;
			package = 37ACC06F2D37E669005933CE /* XCRemoteSwiftPackageReference "Then" */;
			productName = Then;
		};
		37ACC0732D37E673005933CE /* SnapKit */ = {
			isa = XCSwiftPackageProductDependency;
			package = 37ACC0722D37E673005933CE /* XCRemoteSwiftPackageReference "SnapKit" */;
			productName = SnapKit;
		};
		37E85AF62D76E5E5004A6930 /* RealmSwift */ = {
			isa = XCSwiftPackageProductDependency;
			package = 37E85AF52D76E5E5004A6930 /* XCRemoteSwiftPackageReference "realm-swift" */;
			productName = RealmSwift;
		};
		37E85AF92D770521004A6930 /* Toast */ = {
			isa = XCSwiftPackageProductDependency;
			package = 37E85AF82D770521004A6930 /* XCRemoteSwiftPackageReference "Toast-Swift" */;
			productName = Toast;
		};
/* End XCSwiftPackageProductDependency section */
	};
	rootObject = 37ACC0382D37DB46005933CE /* Project object */;
}
