// !$*UTF8*$!
{
	archiveVersion = 1;
	classes = {
	};
	objectVersion = 77;
	objects = {

/* Begin PBXBuildFile section */
		37584A862D5245D60092925A /* PhotoViewController.swift in Sources */ = {isa = PBXBuildFile; fileRef = 37584A852D5245D60092925A /* PhotoViewController.swift */; };
		37584A882D524A010092925A /* PhotoCollectionViewCell.swift in Sources */ = {isa = PBXBuildFile; fileRef = 37584A872D524A010092925A /* PhotoCollectionViewCell.swift */; };
		379297E82D50B8AC00D638DB /* AppDelegate.swift in Sources */ = {isa = PBXBuildFile; fileRef = 379297DE2D50B8AC00D638DB /* AppDelegate.swift */; };
		379297E92D50B8AC00D638DB /* SceneDelegate.swift in Sources */ = {isa = PBXBuildFile; fileRef = 379297E52D50B8AC00D638DB /* SceneDelegate.swift */; };
		379297EB2D50B8AC00D638DB /* Assets.xcassets in Resources */ = {isa = PBXBuildFile; fileRef = 379297DF2D50B8AC00D638DB /* Assets.xcassets */; };
		379297ED2D50B8AC00D638DB /* LaunchScreen.storyboard in Resources */ = {isa = PBXBuildFile; fileRef = 379297E22D50B8AC00D638DB /* LaunchScreen.storyboard */; };
		379297F22D50B92900D638DB /* .gitignore in Resources */ = {isa = PBXBuildFile; fileRef = 379297F12D50B92900D638DB /* .gitignore */; };
		379297F42D50B96C00D638DB /* WeatherViewController.swift in Sources */ = {isa = PBXBuildFile; fileRef = 379297F32D50B96C00D638DB /* WeatherViewController.swift */; };
		379297F72D50C0FF00D638DB /* SnapKit in Frameworks */ = {isa = PBXBuildFile; productRef = 379297F62D50C0FF00D638DB /* SnapKit */; };
		379297FA2D50C11400D638DB /* Alamofire in Frameworks */ = {isa = PBXBuildFile; productRef = 379297F92D50C11400D638DB /* Alamofire */; };
		37F6F9D82D50EB21003D49D1 /* NetworkManager.swift in Sources */ = {isa = PBXBuildFile; fileRef = 37F6F9D72D50EB21003D49D1 /* NetworkManager.swift */; };
		37F6F9DC2D50EE1B003D49D1 /* WeatherResponse.swift in Sources */ = {isa = PBXBuildFile; fileRef = 37F6F9DB2D50EE1B003D49D1 /* WeatherResponse.swift */; };
/* End PBXBuildFile section */

/* Begin PBXFileReference section */
		37584A852D5245D60092925A /* PhotoViewController.swift */ = {isa = PBXFileReference; lastKnownFileType = sourcecode.swift; path = PhotoViewController.swift; sourceTree = "<group>"; };
		37584A872D524A010092925A /* PhotoCollectionViewCell.swift */ = {isa = PBXFileReference; lastKnownFileType = sourcecode.swift; path = PhotoCollectionViewCell.swift; sourceTree = "<group>"; };
		379297C62D50B78000D638DB /* SeSAC-LocationAuthority.app */ = {isa = PBXFileReference; explicitFileType = wrapper.application; includeInIndex = 0; path = "SeSAC-LocationAuthority.app"; sourceTree = BUILT_PRODUCTS_DIR; };
		379297DE2D50B8AC00D638DB /* AppDelegate.swift */ = {isa = PBXFileReference; lastKnownFileType = sourcecode.swift; path = AppDelegate.swift; sourceTree = "<group>"; };
		379297DF2D50B8AC00D638DB /* Assets.xcassets */ = {isa = PBXFileReference; lastKnownFileType = folder.assetcatalog; path = Assets.xcassets; sourceTree = "<group>"; };
		379297E02D50B8AC00D638DB /* Info.plist */ = {isa = PBXFileReference; lastKnownFileType = text.plist.xml; path = Info.plist; sourceTree = "<group>"; };
		379297E12D50B8AC00D638DB /* Base */ = {isa = PBXFileReference; lastKnownFileType = file.storyboard; name = Base; path = Base.lproj/LaunchScreen.storyboard; sourceTree = "<group>"; };
		379297E52D50B8AC00D638DB /* SceneDelegate.swift */ = {isa = PBXFileReference; lastKnownFileType = sourcecode.swift; path = SceneDelegate.swift; sourceTree = "<group>"; };
		379297F12D50B92900D638DB /* .gitignore */ = {isa = PBXFileReference; lastKnownFileType = text; path = .gitignore; sourceTree = "<group>"; };
		379297F32D50B96C00D638DB /* WeatherViewController.swift */ = {isa = PBXFileReference; lastKnownFileType = sourcecode.swift; path = WeatherViewController.swift; sourceTree = "<group>"; };
		37F6F9D72D50EB21003D49D1 /* NetworkManager.swift */ = {isa = PBXFileReference; lastKnownFileType = sourcecode.swift; path = NetworkManager.swift; sourceTree = "<group>"; };
		37F6F9DB2D50EE1B003D49D1 /* WeatherResponse.swift */ = {isa = PBXFileReference; lastKnownFileType = sourcecode.swift; path = WeatherResponse.swift; sourceTree = "<group>"; };
/* End PBXFileReference section */

/* Begin PBXFrameworksBuildPhase section */
		379297C32D50B78000D638DB /* Frameworks */ = {
			isa = PBXFrameworksBuildPhase;
			buildActionMask = 2147483647;
			files = (
				379297F72D50C0FF00D638DB /* SnapKit in Frameworks */,
				379297FA2D50C11400D638DB /* Alamofire in Frameworks */,
			);
			runOnlyForDeploymentPostprocessing = 0;
		};
/* End PBXFrameworksBuildPhase section */

/* Begin PBXGroup section */
		379297BD2D50B78000D638DB = {
			isa = PBXGroup;
			children = (
				379297F12D50B92900D638DB /* .gitignore */,
				379297E72D50B8AC00D638DB /* SeSAC-LocationAuthority */,
				379297C72D50B78000D638DB /* Products */,
			);
			sourceTree = "<group>";
		};
		379297C72D50B78000D638DB /* Products */ = {
			isa = PBXGroup;
			children = (
				379297C62D50B78000D638DB /* SeSAC-LocationAuthority.app */,
			);
			name = Products;
			sourceTree = "<group>";
		};
		379297E72D50B8AC00D638DB /* SeSAC-LocationAuthority */ = {
			isa = PBXGroup;
			children = (
				379297DE2D50B8AC00D638DB /* AppDelegate.swift */,
				379297E52D50B8AC00D638DB /* SceneDelegate.swift */,
				37F6F9DB2D50EE1B003D49D1 /* WeatherResponse.swift */,
				37F6F9D72D50EB21003D49D1 /* NetworkManager.swift */,
				379297F32D50B96C00D638DB /* WeatherViewController.swift */,
				37584A872D524A010092925A /* PhotoCollectionViewCell.swift */,
				37584A852D5245D60092925A /* PhotoViewController.swift */,
				379297DF2D50B8AC00D638DB /* Assets.xcassets */,
				379297E02D50B8AC00D638DB /* Info.plist */,
				379297E22D50B8AC00D638DB /* LaunchScreen.storyboard */,
			);
			path = "SeSAC-LocationAuthority";
			sourceTree = "<group>";
		};
/* End PBXGroup section */

/* Begin PBXNativeTarget section */
		379297C52D50B78000D638DB /* SeSAC-LocationAuthority */ = {
			isa = PBXNativeTarget;
			buildConfigurationList = 379297D92D50B78100D638DB /* Build configuration list for PBXNativeTarget "SeSAC-LocationAuthority" */;
			buildPhases = (
				379297C22D50B78000D638DB /* Sources */,
				379297C32D50B78000D638DB /* Frameworks */,
				379297C42D50B78000D638DB /* Resources */,
			);
			buildRules = (
			);
			dependencies = (
			);
			name = "SeSAC-LocationAuthority";
			packageProductDependencies = (
				379297F62D50C0FF00D638DB /* SnapKit */,
				379297F92D50C11400D638DB /* Alamofire */,
			);
			productName = "SeSAC-LocationAuthority";
			productReference = 379297C62D50B78000D638DB /* SeSAC-LocationAuthority.app */;
			productType = "com.apple.product-type.application";
		};
/* End PBXNativeTarget section */

/* Begin PBXProject section */
		379297BE2D50B78000D638DB /* Project object */ = {
			isa = PBXProject;
			attributes = {
				BuildIndependentTargetsInParallel = 1;
				LastSwiftUpdateCheck = 1620;
				LastUpgradeCheck = 1620;
				TargetAttributes = {
					379297C52D50B78000D638DB = {
						CreatedOnToolsVersion = 16.2;
					};
				};
			};
			buildConfigurationList = 379297C12D50B78000D638DB /* Build configuration list for PBXProject "SeSAC-LocationAuthority" */;
			developmentRegion = en;
			hasScannedForEncodings = 0;
			knownRegions = (
				en,
				Base,
			);
			mainGroup = 379297BD2D50B78000D638DB;
			minimizedProjectReferenceProxies = 1;
			packageReferences = (
				379297F52D50C0FF00D638DB /* XCRemoteSwiftPackageReference "SnapKit" */,
				379297F82D50C11400D638DB /* XCRemoteSwiftPackageReference "Alamofire" */,
			);
			preferredProjectObjectVersion = 77;
			productRefGroup = 379297C72D50B78000D638DB /* Products */;
			projectDirPath = "";
			projectRoot = "";
			targets = (
				379297C52D50B78000D638DB /* SeSAC-LocationAuthority */,
			);
		};
/* End PBXProject section */

/* Begin PBXResourcesBuildPhase section */
		379297C42D50B78000D638DB /* Resources */ = {
			isa = PBXResourcesBuildPhase;
			buildActionMask = 2147483647;
			files = (
				379297EB2D50B8AC00D638DB /* Assets.xcassets in Resources */,
				379297F22D50B92900D638DB /* .gitignore in Resources */,
				379297ED2D50B8AC00D638DB /* LaunchScreen.storyboard in Resources */,
			);
			runOnlyForDeploymentPostprocessing = 0;
		};
/* End PBXResourcesBuildPhase section */

/* Begin PBXSourcesBuildPhase section */
		379297C22D50B78000D638DB /* Sources */ = {
			isa = PBXSourcesBuildPhase;
			buildActionMask = 2147483647;
			files = (
				37F6F9D82D50EB21003D49D1 /* NetworkManager.swift in Sources */,
				37F6F9DC2D50EE1B003D49D1 /* WeatherResponse.swift in Sources */,
				379297E82D50B8AC00D638DB /* AppDelegate.swift in Sources */,
				379297F42D50B96C00D638DB /* WeatherViewController.swift in Sources */,
				37584A882D524A010092925A /* PhotoCollectionViewCell.swift in Sources */,
				379297E92D50B8AC00D638DB /* SceneDelegate.swift in Sources */,
				37584A862D5245D60092925A /* PhotoViewController.swift in Sources */,
			);
			runOnlyForDeploymentPostprocessing = 0;
		};
/* End PBXSourcesBuildPhase section */

/* Begin PBXVariantGroup section */
		379297E22D50B8AC00D638DB /* LaunchScreen.storyboard */ = {
			isa = PBXVariantGroup;
			children = (
				379297E12D50B8AC00D638DB /* Base */,
			);
			name = LaunchScreen.storyboard;
			sourceTree = "<group>";
		};
/* End PBXVariantGroup section */

/* Begin XCBuildConfiguration section */
		379297DA2D50B78100D638DB /* Debug */ = {
			isa = XCBuildConfiguration;
			buildSettings = {
				ASSETCATALOG_COMPILER_APPICON_NAME = AppIcon;
				ASSETCATALOG_COMPILER_GLOBAL_ACCENT_COLOR_NAME = AccentColor;
				CODE_SIGN_STYLE = Automatic;
				CURRENT_PROJECT_VERSION = 1;
				DEVELOPMENT_TEAM = Z4QC7WDU5Z;
				GENERATE_INFOPLIST_FILE = YES;
				INFOPLIST_FILE = "SeSAC-LocationAuthority/Info.plist";
				INFOPLIST_KEY_NSLocationWhenInUseUsageDescription = "현재 위치 권한을 허용해주세요. 위치를 허용해야 날씨 정보를 줄 수 있습니다.";
				INFOPLIST_KEY_UIApplicationSupportsIndirectInputEvents = YES;
				INFOPLIST_KEY_UILaunchStoryboardName = LaunchScreen;
				INFOPLIST_KEY_UISupportedInterfaceOrientations = UIInterfaceOrientationPortrait;
				INFOPLIST_KEY_UISupportedInterfaceOrientations_iPad = "UIInterfaceOrientationLandscapeLeft UIInterfaceOrientationLandscapeRight UIInterfaceOrientationPortrait UIInterfaceOrientationPortraitUpsideDown";
				IPHONEOS_DEPLOYMENT_TARGET = 18.2;
				LD_RUNPATH_SEARCH_PATHS = (
					"$(inherited)",
					"@executable_path/Frameworks",
				);
				MARKETING_VERSION = 1.0;
				PRODUCT_BUNDLE_IDENTIFIER = "com.kjh.SeSAC-LocationAuthority";
				PRODUCT_NAME = "$(TARGET_NAME)";
				SUPPORTED_PLATFORMS = "iphoneos iphonesimulator";
				SUPPORTS_MACCATALYST = NO;
				SUPPORTS_MAC_DESIGNED_FOR_IPHONE_IPAD = NO;
				SUPPORTS_XR_DESIGNED_FOR_IPHONE_IPAD = NO;
				SWIFT_EMIT_LOC_STRINGS = YES;
				SWIFT_VERSION = 5.0;
				TARGETED_DEVICE_FAMILY = 1;
			};
			name = Debug;
		};
		379297DB2D50B78100D638DB /* Release */ = {
			isa = XCBuildConfiguration;
			buildSettings = {
				ASSETCATALOG_COMPILER_APPICON_NAME = AppIcon;
				ASSETCATALOG_COMPILER_GLOBAL_ACCENT_COLOR_NAME = AccentColor;
				CODE_SIGN_STYLE = Automatic;
				CURRENT_PROJECT_VERSION = 1;
				DEVELOPMENT_TEAM = Z4QC7WDU5Z;
				GENERATE_INFOPLIST_FILE = YES;
				INFOPLIST_FILE = "SeSAC-LocationAuthority/Info.plist";
				INFOPLIST_KEY_NSLocationWhenInUseUsageDescription = "현재 위치 권한을 허용해주세요. 위치를 허용해야 날씨 정보를 줄 수 있습니다.";
				INFOPLIST_KEY_UIApplicationSupportsIndirectInputEvents = YES;
				INFOPLIST_KEY_UILaunchStoryboardName = LaunchScreen;
				INFOPLIST_KEY_UISupportedInterfaceOrientations = UIInterfaceOrientationPortrait;
				INFOPLIST_KEY_UISupportedInterfaceOrientations_iPad = "UIInterfaceOrientationLandscapeLeft UIInterfaceOrientationLandscapeRight UIInterfaceOrientationPortrait UIInterfaceOrientationPortraitUpsideDown";
				IPHONEOS_DEPLOYMENT_TARGET = 18.2;
				LD_RUNPATH_SEARCH_PATHS = (
					"$(inherited)",
					"@executable_path/Frameworks",
				);
				MARKETING_VERSION = 1.0;
				PRODUCT_BUNDLE_IDENTIFIER = "com.kjh.SeSAC-LocationAuthority";
				PRODUCT_NAME = "$(TARGET_NAME)";
				SUPPORTED_PLATFORMS = "iphoneos iphonesimulator";
				SUPPORTS_MACCATALYST = NO;
				SUPPORTS_MAC_DESIGNED_FOR_IPHONE_IPAD = NO;
				SUPPORTS_XR_DESIGNED_FOR_IPHONE_IPAD = NO;
				SWIFT_EMIT_LOC_STRINGS = YES;
				SWIFT_VERSION = 5.0;
				TARGETED_DEVICE_FAMILY = 1;
			};
			name = Release;
		};
		379297DC2D50B78100D638DB /* Debug */ = {
			isa = XCBuildConfiguration;
			buildSettings = {
				ALWAYS_SEARCH_USER_PATHS = NO;
				ASSETCATALOG_COMPILER_GENERATE_SWIFT_ASSET_SYMBOL_EXTENSIONS = YES;
				CLANG_ANALYZER_NONNULL = YES;
				CLANG_ANALYZER_NUMBER_OBJECT_CONVERSION = YES_AGGRESSIVE;
				CLANG_CXX_LANGUAGE_STANDARD = "gnu++20";
				CLANG_ENABLE_MODULES = YES;
				CLANG_ENABLE_OBJC_ARC = YES;
				CLANG_ENABLE_OBJC_WEAK = YES;
				CLANG_WARN_BLOCK_CAPTURE_AUTORELEASING = YES;
				CLANG_WARN_BOOL_CONVERSION = YES;
				CLANG_WARN_COMMA = YES;
				CLANG_WARN_CONSTANT_CONVERSION = YES;
				CLANG_WARN_DEPRECATED_OBJC_IMPLEMENTATIONS = YES;
				CLANG_WARN_DIRECT_OBJC_ISA_USAGE = YES_ERROR;
				CLANG_WARN_DOCUMENTATION_COMMENTS = YES;
				CLANG_WARN_EMPTY_BODY = YES;
				CLANG_WARN_ENUM_CONVERSION = YES;
				CLANG_WARN_INFINITE_RECURSION = YES;
				CLANG_WARN_INT_CONVERSION = YES;
				CLANG_WARN_NON_LITERAL_NULL_CONVERSION = YES;
				CLANG_WARN_OBJC_IMPLICIT_RETAIN_SELF = YES;
				CLANG_WARN_OBJC_LITERAL_CONVERSION = YES;
				CLANG_WARN_OBJC_ROOT_CLASS = YES_ERROR;
				CLANG_WARN_QUOTED_INCLUDE_IN_FRAMEWORK_HEADER = YES;
				CLANG_WARN_RANGE_LOOP_ANALYSIS = YES;
				CLANG_WARN_STRICT_PROTOTYPES = YES;
				CLANG_WARN_SUSPICIOUS_MOVE = YES;
				CLANG_WARN_UNGUARDED_AVAILABILITY = YES_AGGRESSIVE;
				CLANG_WARN_UNREACHABLE_CODE = YES;
				CLANG_WARN__DUPLICATE_METHOD_MATCH = YES;
				COPY_PHASE_STRIP = NO;
				DEBUG_INFORMATION_FORMAT = dwarf;
				ENABLE_STRICT_OBJC_MSGSEND = YES;
				ENABLE_TESTABILITY = YES;
				ENABLE_USER_SCRIPT_SANDBOXING = YES;
				GCC_C_LANGUAGE_STANDARD = gnu17;
				GCC_DYNAMIC_NO_PIC = NO;
				GCC_NO_COMMON_BLOCKS = YES;
				GCC_OPTIMIZATION_LEVEL = 0;
				GCC_PREPROCESSOR_DEFINITIONS = (
					"DEBUG=1",
					"$(inherited)",
				);
				GCC_WARN_64_TO_32_BIT_CONVERSION = YES;
				GCC_WARN_ABOUT_RETURN_TYPE = YES_ERROR;
				GCC_WARN_UNDECLARED_SELECTOR = YES;
				GCC_WARN_UNINITIALIZED_AUTOS = YES_AGGRESSIVE;
				GCC_WARN_UNUSED_FUNCTION = YES;
				GCC_WARN_UNUSED_VARIABLE = YES;
				IPHONEOS_DEPLOYMENT_TARGET = 18.2;
				LOCALIZATION_PREFERS_STRING_CATALOGS = YES;
				MTL_ENABLE_DEBUG_INFO = INCLUDE_SOURCE;
				MTL_FAST_MATH = YES;
				ONLY_ACTIVE_ARCH = YES;
				SDKROOT = iphoneos;
				SWIFT_ACTIVE_COMPILATION_CONDITIONS = "DEBUG $(inherited)";
				SWIFT_OPTIMIZATION_LEVEL = "-Onone";
			};
			name = Debug;
		};
		379297DD2D50B78100D638DB /* Release */ = {
			isa = XCBuildConfiguration;
			buildSettings = {
				ALWAYS_SEARCH_USER_PATHS = NO;
				ASSETCATALOG_COMPILER_GENERATE_SWIFT_ASSET_SYMBOL_EXTENSIONS = YES;
				CLANG_ANALYZER_NONNULL = YES;
				CLANG_ANALYZER_NUMBER_OBJECT_CONVERSION = YES_AGGRESSIVE;
				CLANG_CXX_LANGUAGE_STANDARD = "gnu++20";
				CLANG_ENABLE_MODULES = YES;
				CLANG_ENABLE_OBJC_ARC = YES;
				CLANG_ENABLE_OBJC_WEAK = YES;
				CLANG_WARN_BLOCK_CAPTURE_AUTORELEASING = YES;
				CLANG_WARN_BOOL_CONVERSION = YES;
				CLANG_WARN_COMMA = YES;
				CLANG_WARN_CONSTANT_CONVERSION = YES;
				CLANG_WARN_DEPRECATED_OBJC_IMPLEMENTATIONS = YES;
				CLANG_WARN_DIRECT_OBJC_ISA_USAGE = YES_ERROR;
				CLANG_WARN_DOCUMENTATION_COMMENTS = YES;
				CLANG_WARN_EMPTY_BODY = YES;
				CLANG_WARN_ENUM_CONVERSION = YES;
				CLANG_WARN_INFINITE_RECURSION = YES;
				CLANG_WARN_INT_CONVERSION = YES;
				CLANG_WARN_NON_LITERAL_NULL_CONVERSION = YES;
				CLANG_WARN_OBJC_IMPLICIT_RETAIN_SELF = YES;
				CLANG_WARN_OBJC_LITERAL_CONVERSION = YES;
				CLANG_WARN_OBJC_ROOT_CLASS = YES_ERROR;
				CLANG_WARN_QUOTED_INCLUDE_IN_FRAMEWORK_HEADER = YES;
				CLANG_WARN_RANGE_LOOP_ANALYSIS = YES;
				CLANG_WARN_STRICT_PROTOTYPES = YES;
				CLANG_WARN_SUSPICIOUS_MOVE = YES;
				CLANG_WARN_UNGUARDED_AVAILABILITY = YES_AGGRESSIVE;
				CLANG_WARN_UNREACHABLE_CODE = YES;
				CLANG_WARN__DUPLICATE_METHOD_MATCH = YES;
				COPY_PHASE_STRIP = NO;
				DEBUG_INFORMATION_FORMAT = "dwarf-with-dsym";
				ENABLE_NS_ASSERTIONS = NO;
				ENABLE_STRICT_OBJC_MSGSEND = YES;
				ENABLE_USER_SCRIPT_SANDBOXING = YES;
				GCC_C_LANGUAGE_STANDARD = gnu17;
				GCC_NO_COMMON_BLOCKS = YES;
				GCC_WARN_64_TO_32_BIT_CONVERSION = YES;
				GCC_WARN_ABOUT_RETURN_TYPE = YES_ERROR;
				GCC_WARN_UNDECLARED_SELECTOR = YES;
				GCC_WARN_UNINITIALIZED_AUTOS = YES_AGGRESSIVE;
				GCC_WARN_UNUSED_FUNCTION = YES;
				GCC_WARN_UNUSED_VARIABLE = YES;
				IPHONEOS_DEPLOYMENT_TARGET = 18.2;
				LOCALIZATION_PREFERS_STRING_CATALOGS = YES;
				MTL_ENABLE_DEBUG_INFO = NO;
				MTL_FAST_MATH = YES;
				SDKROOT = iphoneos;
				SWIFT_COMPILATION_MODE = wholemodule;
				VALIDATE_PRODUCT = YES;
			};
			name = Release;
		};
/* End XCBuildConfiguration section */

/* Begin XCConfigurationList section */
		379297C12D50B78000D638DB /* Build configuration list for PBXProject "SeSAC-LocationAuthority" */ = {
			isa = XCConfigurationList;
			buildConfigurations = (
				379297DC2D50B78100D638DB /* Debug */,
				379297DD2D50B78100D638DB /* Release */,
			);
			defaultConfigurationIsVisible = 0;
			defaultConfigurationName = Release;
		};
		379297D92D50B78100D638DB /* Build configuration list for PBXNativeTarget "SeSAC-LocationAuthority" */ = {
			isa = XCConfigurationList;
			buildConfigurations = (
				379297DA2D50B78100D638DB /* Debug */,
				379297DB2D50B78100D638DB /* Release */,
			);
			defaultConfigurationIsVisible = 0;
			defaultConfigurationName = Release;
		};
/* End XCConfigurationList section */

/* Begin XCRemoteSwiftPackageReference section */
		379297F52D50C0FF00D638DB /* XCRemoteSwiftPackageReference "SnapKit" */ = {
			isa = XCRemoteSwiftPackageReference;
			repositoryURL = "https://github.com/SnapKit/SnapKit.git";
			requirement = {
				kind = upToNextMajorVersion;
				minimumVersion = 5.7.1;
			};
		};
		379297F82D50C11400D638DB /* XCRemoteSwiftPackageReference "Alamofire" */ = {
			isa = XCRemoteSwiftPackageReference;
			repositoryURL = "https://github.com/Alamofire/Alamofire.git";
			requirement = {
				kind = upToNextMajorVersion;
				minimumVersion = 5.10.2;
			};
		};
/* End XCRemoteSwiftPackageReference section */

/* Begin XCSwiftPackageProductDependency section */
		379297F62D50C0FF00D638DB /* SnapKit */ = {
			isa = XCSwiftPackageProductDependency;
			package = 379297F52D50C0FF00D638DB /* XCRemoteSwiftPackageReference "SnapKit" */;
			productName = SnapKit;
		};
		379297F92D50C11400D638DB /* Alamofire */ = {
			isa = XCSwiftPackageProductDependency;
			package = 379297F82D50C11400D638DB /* XCRemoteSwiftPackageReference "Alamofire" */;
			productName = Alamofire;
		};
/* End XCSwiftPackageProductDependency section */
	};
	rootObject = 379297BE2D50B78000D638DB /* Project object */;
}
