// !$*UTF8*$!
{
	archiveVersion = 1;
	classes = {
	};
	objectVersion = 77;
	objects = {

/* Begin PBXBuildFile section */
		378D91362D2BE513007F50CD /* City.swift in Sources */ = {isa = PBXBuildFile; fileRef = 378D91352D2BE513007F50CD /* City.swift */; };
		378D91382D2BE648007F50CD /* CityTableViewController.swift in Sources */ = {isa = PBXBuildFile; fileRef = 378D91372D2BE648007F50CD /* CityTableViewController.swift */; };
		378D913D2D2BE68B007F50CD /* CityTableViewCell.swift in Sources */ = {isa = PBXBuildFile; fileRef = 378D913B2D2BE68B007F50CD /* CityTableViewCell.swift */; };
		378D913E2D2BE68B007F50CD /* CityTableViewCell.xib in Resources */ = {isa = PBXBuildFile; fileRef = 378D913C2D2BE68B007F50CD /* CityTableViewCell.xib */; };
		37D9E8222D27F60200F96767 /* AppDelegate.swift in Sources */ = {isa = PBXBuildFile; fileRef = 37D9E8182D27F60200F96767 /* AppDelegate.swift */; };
		37D9E8232D27F60200F96767 /* SceneDelegate.swift in Sources */ = {isa = PBXBuildFile; fileRef = 37D9E81F2D27F60200F96767 /* SceneDelegate.swift */; };
		37D9E8242D27F60200F96767 /* TravelTableViewController.swift in Sources */ = {isa = PBXBuildFile; fileRef = 37D9E8202D27F60200F96767 /* TravelTableViewController.swift */; };
		37D9E8252D27F60200F96767 /* Assets.xcassets in Resources */ = {isa = PBXBuildFile; fileRef = 37D9E8192D27F60200F96767 /* Assets.xcassets */; };
		37D9E8272D27F60200F96767 /* LaunchScreen.storyboard in Resources */ = {isa = PBXBuildFile; fileRef = 37D9E81C2D27F60200F96767 /* LaunchScreen.storyboard */; };
		37D9E8282D27F60200F96767 /* Main.storyboard in Resources */ = {isa = PBXBuildFile; fileRef = 37D9E81E2D27F60200F96767 /* Main.storyboard */; };
		37D9E82B2D27F66E00F96767 /* .gitignore in Resources */ = {isa = PBXBuildFile; fileRef = 37D9E82A2D27F66E00F96767 /* .gitignore */; };
		37D9E82F2D27F87B00F96767 /* Magazine.swift in Sources */ = {isa = PBXBuildFile; fileRef = 37D9E82E2D27F87B00F96767 /* Magazine.swift */; };
		37D9E8332D2800AC00F96767 /* TravelTableViewCell.swift in Sources */ = {isa = PBXBuildFile; fileRef = 37D9E8322D2800AC00F96767 /* TravelTableViewCell.swift */; };
		37D9E8392D2809CA00F96767 /* String+Extension.swift in Sources */ = {isa = PBXBuildFile; fileRef = 37D9E8382D2809CA00F96767 /* String+Extension.swift */; };
		37D9E83C2D28124500F96767 /* Kingfisher in Frameworks */ = {isa = PBXBuildFile; productRef = 37D9E83B2D28124500F96767 /* Kingfisher */; };
		37D9E83E2D29075900F96767 /* CityDetailInformationTableViewCell.swift in Sources */ = {isa = PBXBuildFile; fileRef = 37D9E83D2D29075900F96767 /* CityDetailInformationTableViewCell.swift */; };
		37D9E8402D2908AF00F96767 /* CityDetailInformationTableViewController.swift in Sources */ = {isa = PBXBuildFile; fileRef = 37D9E83F2D2908AF00F96767 /* CityDetailInformationTableViewController.swift */; };
		37D9E8422D290D5200F96767 /* Travel.swift in Sources */ = {isa = PBXBuildFile; fileRef = 37D9E8412D290D5200F96767 /* Travel.swift */; };
		37D9E8442D291FCB00F96767 /* Int+Extension.swift in Sources */ = {isa = PBXBuildFile; fileRef = 37D9E8432D291FCB00F96767 /* Int+Extension.swift */; };
		37D9E8462D293F3600F96767 /* ShoppingTableViewController.swift in Sources */ = {isa = PBXBuildFile; fileRef = 37D9E8452D293F3600F96767 /* ShoppingTableViewController.swift */; };
		37D9E8482D293F8300F96767 /* ShoppingTableViewCell.swift in Sources */ = {isa = PBXBuildFile; fileRef = 37D9E8472D293F8300F96767 /* ShoppingTableViewCell.swift */; };
		37D9E84A2D293FB000F96767 /* Shopping.swift in Sources */ = {isa = PBXBuildFile; fileRef = 37D9E8492D293FB000F96767 /* Shopping.swift */; };
		37F34F242D295434007C1C30 /* UIImage+Extension.swift in Sources */ = {isa = PBXBuildFile; fileRef = 37F34F232D295434007C1C30 /* UIImage+Extension.swift */; };
/* End PBXBuildFile section */

/* Begin PBXFileReference section */
		378D91352D2BE513007F50CD /* City.swift */ = {isa = PBXFileReference; lastKnownFileType = sourcecode.swift; path = City.swift; sourceTree = "<group>"; };
		378D91372D2BE648007F50CD /* CityTableViewController.swift */ = {isa = PBXFileReference; lastKnownFileType = sourcecode.swift; path = CityTableViewController.swift; sourceTree = "<group>"; };
		378D913B2D2BE68B007F50CD /* CityTableViewCell.swift */ = {isa = PBXFileReference; lastKnownFileType = sourcecode.swift; path = CityTableViewCell.swift; sourceTree = "<group>"; };
		378D913C2D2BE68B007F50CD /* CityTableViewCell.xib */ = {isa = PBXFileReference; lastKnownFileType = file.xib; path = CityTableViewCell.xib; sourceTree = "<group>"; };
		37D9E8002D27F5FC00F96767 /* SeSAC-Travel.app */ = {isa = PBXFileReference; explicitFileType = wrapper.application; includeInIndex = 0; path = "SeSAC-Travel.app"; sourceTree = BUILT_PRODUCTS_DIR; };
		37D9E8182D27F60200F96767 /* AppDelegate.swift */ = {isa = PBXFileReference; lastKnownFileType = sourcecode.swift; path = AppDelegate.swift; sourceTree = "<group>"; };
		37D9E8192D27F60200F96767 /* Assets.xcassets */ = {isa = PBXFileReference; lastKnownFileType = folder.assetcatalog; path = Assets.xcassets; sourceTree = "<group>"; };
		37D9E81A2D27F60200F96767 /* Info.plist */ = {isa = PBXFileReference; lastKnownFileType = text.plist.xml; path = Info.plist; sourceTree = "<group>"; };
		37D9E81B2D27F60200F96767 /* Base */ = {isa = PBXFileReference; lastKnownFileType = file.storyboard; name = Base; path = Base.lproj/LaunchScreen.storyboard; sourceTree = "<group>"; };
		37D9E81D2D27F60200F96767 /* Base */ = {isa = PBXFileReference; lastKnownFileType = file.storyboard; name = Base; path = Base.lproj/Main.storyboard; sourceTree = "<group>"; };
		37D9E81F2D27F60200F96767 /* SceneDelegate.swift */ = {isa = PBXFileReference; lastKnownFileType = sourcecode.swift; path = SceneDelegate.swift; sourceTree = "<group>"; };
		37D9E8202D27F60200F96767 /* TravelTableViewController.swift */ = {isa = PBXFileReference; lastKnownFileType = sourcecode.swift; path = TravelTableViewController.swift; sourceTree = "<group>"; };
		37D9E82A2D27F66E00F96767 /* .gitignore */ = {isa = PBXFileReference; lastKnownFileType = text; path = .gitignore; sourceTree = "<group>"; };
		37D9E82E2D27F87B00F96767 /* Magazine.swift */ = {isa = PBXFileReference; lastKnownFileType = sourcecode.swift; path = Magazine.swift; sourceTree = "<group>"; };
		37D9E8322D2800AC00F96767 /* TravelTableViewCell.swift */ = {isa = PBXFileReference; lastKnownFileType = sourcecode.swift; path = TravelTableViewCell.swift; sourceTree = "<group>"; };
		37D9E8382D2809CA00F96767 /* String+Extension.swift */ = {isa = PBXFileReference; lastKnownFileType = sourcecode.swift; path = "String+Extension.swift"; sourceTree = "<group>"; };
		37D9E83D2D29075900F96767 /* CityDetailInformationTableViewCell.swift */ = {isa = PBXFileReference; lastKnownFileType = sourcecode.swift; path = CityDetailInformationTableViewCell.swift; sourceTree = "<group>"; };
		37D9E83F2D2908AF00F96767 /* CityDetailInformationTableViewController.swift */ = {isa = PBXFileReference; lastKnownFileType = sourcecode.swift; path = CityDetailInformationTableViewController.swift; sourceTree = "<group>"; };
		37D9E8412D290D5200F96767 /* Travel.swift */ = {isa = PBXFileReference; lastKnownFileType = sourcecode.swift; path = Travel.swift; sourceTree = "<group>"; };
		37D9E8432D291FCB00F96767 /* Int+Extension.swift */ = {isa = PBXFileReference; lastKnownFileType = sourcecode.swift; path = "Int+Extension.swift"; sourceTree = "<group>"; };
		37D9E8452D293F3600F96767 /* ShoppingTableViewController.swift */ = {isa = PBXFileReference; lastKnownFileType = sourcecode.swift; path = ShoppingTableViewController.swift; sourceTree = "<group>"; };
		37D9E8472D293F8300F96767 /* ShoppingTableViewCell.swift */ = {isa = PBXFileReference; lastKnownFileType = sourcecode.swift; path = ShoppingTableViewCell.swift; sourceTree = "<group>"; };
		37D9E8492D293FB000F96767 /* Shopping.swift */ = {isa = PBXFileReference; lastKnownFileType = sourcecode.swift; path = Shopping.swift; sourceTree = "<group>"; };
		37F34F232D295434007C1C30 /* UIImage+Extension.swift */ = {isa = PBXFileReference; lastKnownFileType = sourcecode.swift; path = "UIImage+Extension.swift"; sourceTree = "<group>"; };
/* End PBXFileReference section */

/* Begin PBXFrameworksBuildPhase section */
		37D9E7FD2D27F5FC00F96767 /* Frameworks */ = {
			isa = PBXFrameworksBuildPhase;
			buildActionMask = 2147483647;
			files = (
				37D9E83C2D28124500F96767 /* Kingfisher in Frameworks */,
			);
			runOnlyForDeploymentPostprocessing = 0;
		};
/* End PBXFrameworksBuildPhase section */

/* Begin PBXGroup section */
		37D9E7F72D27F5FC00F96767 = {
			isa = PBXGroup;
			children = (
				37D9E82A2D27F66E00F96767 /* .gitignore */,
				37D9E8212D27F60200F96767 /* SeSAC-Travel */,
				37D9E8012D27F5FC00F96767 /* Products */,
			);
			sourceTree = "<group>";
		};
		37D9E8012D27F5FC00F96767 /* Products */ = {
			isa = PBXGroup;
			children = (
				37D9E8002D27F5FC00F96767 /* SeSAC-Travel.app */,
			);
			name = Products;
			sourceTree = "<group>";
		};
		37D9E8212D27F60200F96767 /* SeSAC-Travel */ = {
			isa = PBXGroup;
			children = (
				37D9E8182D27F60200F96767 /* AppDelegate.swift */,
				37D9E81F2D27F60200F96767 /* SceneDelegate.swift */,
				37D9E8352D28089F00F96767 /* Extension */,
				37D9E82D2D27F86100F96767 /* Model */,
				37D9E8302D27FAB200F96767 /* View */,
				37D9E8312D27FAD700F96767 /* Controller */,
				37D9E81C2D27F60200F96767 /* LaunchScreen.storyboard */,
				37D9E8192D27F60200F96767 /* Assets.xcassets */,
				37D9E81A2D27F60200F96767 /* Info.plist */,
			);
			path = "SeSAC-Travel";
			sourceTree = "<group>";
		};
		37D9E82D2D27F86100F96767 /* Model */ = {
			isa = PBXGroup;
			children = (
				37D9E82E2D27F87B00F96767 /* Magazine.swift */,
				37D9E8412D290D5200F96767 /* Travel.swift */,
				37D9E8492D293FB000F96767 /* Shopping.swift */,
				378D91352D2BE513007F50CD /* City.swift */,
			);
			path = Model;
			sourceTree = "<group>";
		};
		37D9E8302D27FAB200F96767 /* View */ = {
			isa = PBXGroup;
			children = (
				37D9E81E2D27F60200F96767 /* Main.storyboard */,
				37D9E8322D2800AC00F96767 /* TravelTableViewCell.swift */,
				37D9E83D2D29075900F96767 /* CityDetailInformationTableViewCell.swift */,
				37D9E8472D293F8300F96767 /* ShoppingTableViewCell.swift */,
				378D913B2D2BE68B007F50CD /* CityTableViewCell.swift */,
				378D913C2D2BE68B007F50CD /* CityTableViewCell.xib */,
			);
			path = View;
			sourceTree = "<group>";
		};
		37D9E8312D27FAD700F96767 /* Controller */ = {
			isa = PBXGroup;
			children = (
				37D9E8202D27F60200F96767 /* TravelTableViewController.swift */,
				37D9E83F2D2908AF00F96767 /* CityDetailInformationTableViewController.swift */,
				37D9E8452D293F3600F96767 /* ShoppingTableViewController.swift */,
				378D91372D2BE648007F50CD /* CityTableViewController.swift */,
			);
			path = Controller;
			sourceTree = "<group>";
		};
		37D9E8352D28089F00F96767 /* Extension */ = {
			isa = PBXGroup;
			children = (
				37D9E8432D291FCB00F96767 /* Int+Extension.swift */,
				37D9E8382D2809CA00F96767 /* String+Extension.swift */,
				37F34F232D295434007C1C30 /* UIImage+Extension.swift */,
			);
			path = Extension;
			sourceTree = "<group>";
		};
/* End PBXGroup section */

/* Begin PBXNativeTarget section */
		37D9E7FF2D27F5FC00F96767 /* SeSAC-Travel */ = {
			isa = PBXNativeTarget;
			buildConfigurationList = 37D9E8132D27F5FD00F96767 /* Build configuration list for PBXNativeTarget "SeSAC-Travel" */;
			buildPhases = (
				37D9E7FC2D27F5FC00F96767 /* Sources */,
				37D9E7FD2D27F5FC00F96767 /* Frameworks */,
				37D9E7FE2D27F5FC00F96767 /* Resources */,
			);
			buildRules = (
			);
			dependencies = (
			);
			name = "SeSAC-Travel";
			packageProductDependencies = (
				37D9E83B2D28124500F96767 /* Kingfisher */,
			);
			productName = "SeSAC-Travel";
			productReference = 37D9E8002D27F5FC00F96767 /* SeSAC-Travel.app */;
			productType = "com.apple.product-type.application";
		};
/* End PBXNativeTarget section */

/* Begin PBXProject section */
		37D9E7F82D27F5FC00F96767 /* Project object */ = {
			isa = PBXProject;
			attributes = {
				BuildIndependentTargetsInParallel = 1;
				LastSwiftUpdateCheck = 1620;
				LastUpgradeCheck = 1620;
				TargetAttributes = {
					37D9E7FF2D27F5FC00F96767 = {
						CreatedOnToolsVersion = 16.2;
					};
				};
			};
			buildConfigurationList = 37D9E7FB2D27F5FC00F96767 /* Build configuration list for PBXProject "SeSAC-Travel" */;
			developmentRegion = en;
			hasScannedForEncodings = 0;
			knownRegions = (
				en,
				Base,
			);
			mainGroup = 37D9E7F72D27F5FC00F96767;
			minimizedProjectReferenceProxies = 1;
			packageReferences = (
				37D9E83A2D28124500F96767 /* XCRemoteSwiftPackageReference "Kingfisher" */,
			);
			preferredProjectObjectVersion = 77;
			productRefGroup = 37D9E8012D27F5FC00F96767 /* Products */;
			projectDirPath = "";
			projectRoot = "";
			targets = (
				37D9E7FF2D27F5FC00F96767 /* SeSAC-Travel */,
			);
		};
/* End PBXProject section */

/* Begin PBXResourcesBuildPhase section */
		37D9E7FE2D27F5FC00F96767 /* Resources */ = {
			isa = PBXResourcesBuildPhase;
			buildActionMask = 2147483647;
			files = (
				378D913E2D2BE68B007F50CD /* CityTableViewCell.xib in Resources */,
				37D9E82B2D27F66E00F96767 /* .gitignore in Resources */,
				37D9E8252D27F60200F96767 /* Assets.xcassets in Resources */,
				37D9E8272D27F60200F96767 /* LaunchScreen.storyboard in Resources */,
				37D9E8282D27F60200F96767 /* Main.storyboard in Resources */,
			);
			runOnlyForDeploymentPostprocessing = 0;
		};
/* End PBXResourcesBuildPhase section */

/* Begin PBXSourcesBuildPhase section */
		37D9E7FC2D27F5FC00F96767 /* Sources */ = {
			isa = PBXSourcesBuildPhase;
			buildActionMask = 2147483647;
			files = (
				37D9E8222D27F60200F96767 /* AppDelegate.swift in Sources */,
				37F34F242D295434007C1C30 /* UIImage+Extension.swift in Sources */,
				378D913D2D2BE68B007F50CD /* CityTableViewCell.swift in Sources */,
				37D9E8482D293F8300F96767 /* ShoppingTableViewCell.swift in Sources */,
				37D9E8462D293F3600F96767 /* ShoppingTableViewController.swift in Sources */,
				37D9E82F2D27F87B00F96767 /* Magazine.swift in Sources */,
				37D9E8402D2908AF00F96767 /* CityDetailInformationTableViewController.swift in Sources */,
				37D9E8232D27F60200F96767 /* SceneDelegate.swift in Sources */,
				37D9E8332D2800AC00F96767 /* TravelTableViewCell.swift in Sources */,
				378D91382D2BE648007F50CD /* CityTableViewController.swift in Sources */,
				37D9E84A2D293FB000F96767 /* Shopping.swift in Sources */,
				37D9E8442D291FCB00F96767 /* Int+Extension.swift in Sources */,
				37D9E8392D2809CA00F96767 /* String+Extension.swift in Sources */,
				378D91362D2BE513007F50CD /* City.swift in Sources */,
				37D9E8422D290D5200F96767 /* Travel.swift in Sources */,
				37D9E83E2D29075900F96767 /* CityDetailInformationTableViewCell.swift in Sources */,
				37D9E8242D27F60200F96767 /* TravelTableViewController.swift in Sources */,
			);
			runOnlyForDeploymentPostprocessing = 0;
		};
/* End PBXSourcesBuildPhase section */

/* Begin PBXVariantGroup section */
		37D9E81C2D27F60200F96767 /* LaunchScreen.storyboard */ = {
			isa = PBXVariantGroup;
			children = (
				37D9E81B2D27F60200F96767 /* Base */,
			);
			name = LaunchScreen.storyboard;
			sourceTree = "<group>";
		};
		37D9E81E2D27F60200F96767 /* Main.storyboard */ = {
			isa = PBXVariantGroup;
			children = (
				37D9E81D2D27F60200F96767 /* Base */,
			);
			name = Main.storyboard;
			sourceTree = "<group>";
		};
/* End PBXVariantGroup section */

/* Begin XCBuildConfiguration section */
		37D9E8142D27F5FD00F96767 /* Debug */ = {
			isa = XCBuildConfiguration;
			buildSettings = {
				ASSETCATALOG_COMPILER_APPICON_NAME = AppIcon;
				ASSETCATALOG_COMPILER_GLOBAL_ACCENT_COLOR_NAME = AccentColor;
				CODE_SIGN_STYLE = Automatic;
				CURRENT_PROJECT_VERSION = 1;
				DEVELOPMENT_TEAM = Z4QC7WDU5Z;
				GENERATE_INFOPLIST_FILE = YES;
				INFOPLIST_FILE = "SeSAC-Travel/Info.plist";
				INFOPLIST_KEY_UIApplicationSupportsIndirectInputEvents = YES;
				INFOPLIST_KEY_UILaunchStoryboardName = LaunchScreen;
				INFOPLIST_KEY_UIMainStoryboardFile = Main;
				INFOPLIST_KEY_UISupportedInterfaceOrientations = UIInterfaceOrientationPortrait;
				INFOPLIST_KEY_UISupportedInterfaceOrientations_iPad = "UIInterfaceOrientationLandscapeLeft UIInterfaceOrientationLandscapeRight UIInterfaceOrientationPortrait UIInterfaceOrientationPortraitUpsideDown";
				LD_RUNPATH_SEARCH_PATHS = (
					"$(inherited)",
					"@executable_path/Frameworks",
				);
				MARKETING_VERSION = 1.0;
				PRODUCT_BUNDLE_IDENTIFIER = "com.kjh.SeSAC-Travel";
				PRODUCT_NAME = "$(TARGET_NAME)";
				SUPPORTED_PLATFORMS = "iphoneos iphonesimulator";
				SUPPORTS_MACCATALYST = NO;
				SUPPORTS_MAC_DESIGNED_FOR_IPHONE_IPAD = NO;
				SUPPORTS_XR_DESIGNED_FOR_IPHONE_IPAD = NO;
				SWIFT_EMIT_LOC_STRINGS = YES;
				SWIFT_VERSION = 5.0;
				TARGETED_DEVICE_FAMILY = 1;
			};
			name = Debug;
		};
		37D9E8152D27F5FD00F96767 /* Release */ = {
			isa = XCBuildConfiguration;
			buildSettings = {
				ASSETCATALOG_COMPILER_APPICON_NAME = AppIcon;
				ASSETCATALOG_COMPILER_GLOBAL_ACCENT_COLOR_NAME = AccentColor;
				CODE_SIGN_STYLE = Automatic;
				CURRENT_PROJECT_VERSION = 1;
				DEVELOPMENT_TEAM = Z4QC7WDU5Z;
				GENERATE_INFOPLIST_FILE = YES;
				INFOPLIST_FILE = "SeSAC-Travel/Info.plist";
				INFOPLIST_KEY_UIApplicationSupportsIndirectInputEvents = YES;
				INFOPLIST_KEY_UILaunchStoryboardName = LaunchScreen;
				INFOPLIST_KEY_UIMainStoryboardFile = Main;
				INFOPLIST_KEY_UISupportedInterfaceOrientations = UIInterfaceOrientationPortrait;
				INFOPLIST_KEY_UISupportedInterfaceOrientations_iPad = "UIInterfaceOrientationLandscapeLeft UIInterfaceOrientationLandscapeRight UIInterfaceOrientationPortrait UIInterfaceOrientationPortraitUpsideDown";
				LD_RUNPATH_SEARCH_PATHS = (
					"$(inherited)",
					"@executable_path/Frameworks",
				);
				MARKETING_VERSION = 1.0;
				PRODUCT_BUNDLE_IDENTIFIER = "com.kjh.SeSAC-Travel";
				PRODUCT_NAME = "$(TARGET_NAME)";
				SUPPORTED_PLATFORMS = "iphoneos iphonesimulator";
				SUPPORTS_MACCATALYST = NO;
				SUPPORTS_MAC_DESIGNED_FOR_IPHONE_IPAD = NO;
				SUPPORTS_XR_DESIGNED_FOR_IPHONE_IPAD = NO;
				SWIFT_EMIT_LOC_STRINGS = YES;
				SWIFT_VERSION = 5.0;
				TARGETED_DEVICE_FAMILY = 1;
			};
			name = Release;
		};
		37D9E8162D27F5FD00F96767 /* Debug */ = {
			isa = XCBuildConfiguration;
			buildSettings = {
				ALWAYS_SEARCH_USER_PATHS = NO;
				ASSETCATALOG_COMPILER_GENERATE_SWIFT_ASSET_SYMBOL_EXTENSIONS = YES;
				CLANG_ANALYZER_NONNULL = YES;
				CLANG_ANALYZER_NUMBER_OBJECT_CONVERSION = YES_AGGRESSIVE;
				CLANG_CXX_LANGUAGE_STANDARD = "gnu++20";
				CLANG_ENABLE_MODULES = YES;
				CLANG_ENABLE_OBJC_ARC = YES;
				CLANG_ENABLE_OBJC_WEAK = YES;
				CLANG_WARN_BLOCK_CAPTURE_AUTORELEASING = YES;
				CLANG_WARN_BOOL_CONVERSION = YES;
				CLANG_WARN_COMMA = YES;
				CLANG_WARN_CONSTANT_CONVERSION = YES;
				CLANG_WARN_DEPRECATED_OBJC_IMPLEMENTATIONS = YES;
				CLANG_WARN_DIRECT_OBJC_ISA_USAGE = YES_ERROR;
				CLANG_WARN_DOCUMENTATION_COMMENTS = YES;
				CLANG_WARN_EMPTY_BODY = YES;
				CLANG_WARN_ENUM_CONVERSION = YES;
				CLANG_WARN_INFINITE_RECURSION = YES;
				CLANG_WARN_INT_CONVERSION = YES;
				CLANG_WARN_NON_LITERAL_NULL_CONVERSION = YES;
				CLANG_WARN_OBJC_IMPLICIT_RETAIN_SELF = YES;
				CLANG_WARN_OBJC_LITERAL_CONVERSION = YES;
				CLANG_WARN_OBJC_ROOT_CLASS = YES_ERROR;
				CLANG_WARN_QUOTED_INCLUDE_IN_FRAMEWORK_HEADER = YES;
				CLANG_WARN_RANGE_LOOP_ANALYSIS = YES;
				CLANG_WARN_STRICT_PROTOTYPES = YES;
				CLANG_WARN_SUSPICIOUS_MOVE = YES;
				CLANG_WARN_UNGUARDED_AVAILABILITY = YES_AGGRESSIVE;
				CLANG_WARN_UNREACHABLE_CODE = YES;
				CLANG_WARN__DUPLICATE_METHOD_MATCH = YES;
				COPY_PHASE_STRIP = NO;
				DEBUG_INFORMATION_FORMAT = dwarf;
				ENABLE_STRICT_OBJC_MSGSEND = YES;
				ENABLE_TESTABILITY = YES;
				ENABLE_USER_SCRIPT_SANDBOXING = YES;
				GCC_C_LANGUAGE_STANDARD = gnu17;
				GCC_DYNAMIC_NO_PIC = NO;
				GCC_NO_COMMON_BLOCKS = YES;
				GCC_OPTIMIZATION_LEVEL = 0;
				GCC_PREPROCESSOR_DEFINITIONS = (
					"DEBUG=1",
					"$(inherited)",
				);
				GCC_WARN_64_TO_32_BIT_CONVERSION = YES;
				GCC_WARN_ABOUT_RETURN_TYPE = YES_ERROR;
				GCC_WARN_UNDECLARED_SELECTOR = YES;
				GCC_WARN_UNINITIALIZED_AUTOS = YES_AGGRESSIVE;
				GCC_WARN_UNUSED_FUNCTION = YES;
				GCC_WARN_UNUSED_VARIABLE = YES;
				IPHONEOS_DEPLOYMENT_TARGET = 18.2;
				LOCALIZATION_PREFERS_STRING_CATALOGS = YES;
				MTL_ENABLE_DEBUG_INFO = INCLUDE_SOURCE;
				MTL_FAST_MATH = YES;
				ONLY_ACTIVE_ARCH = YES;
				SDKROOT = iphoneos;
				SWIFT_ACTIVE_COMPILATION_CONDITIONS = "DEBUG $(inherited)";
				SWIFT_OPTIMIZATION_LEVEL = "-Onone";
			};
			name = Debug;
		};
		37D9E8172D27F5FD00F96767 /* Release */ = {
			isa = XCBuildConfiguration;
			buildSettings = {
				ALWAYS_SEARCH_USER_PATHS = NO;
				ASSETCATALOG_COMPILER_GENERATE_SWIFT_ASSET_SYMBOL_EXTENSIONS = YES;
				CLANG_ANALYZER_NONNULL = YES;
				CLANG_ANALYZER_NUMBER_OBJECT_CONVERSION = YES_AGGRESSIVE;
				CLANG_CXX_LANGUAGE_STANDARD = "gnu++20";
				CLANG_ENABLE_MODULES = YES;
				CLANG_ENABLE_OBJC_ARC = YES;
				CLANG_ENABLE_OBJC_WEAK = YES;
				CLANG_WARN_BLOCK_CAPTURE_AUTORELEASING = YES;
				CLANG_WARN_BOOL_CONVERSION = YES;
				CLANG_WARN_COMMA = YES;
				CLANG_WARN_CONSTANT_CONVERSION = YES;
				CLANG_WARN_DEPRECATED_OBJC_IMPLEMENTATIONS = YES;
				CLANG_WARN_DIRECT_OBJC_ISA_USAGE = YES_ERROR;
				CLANG_WARN_DOCUMENTATION_COMMENTS = YES;
				CLANG_WARN_EMPTY_BODY = YES;
				CLANG_WARN_ENUM_CONVERSION = YES;
				CLANG_WARN_INFINITE_RECURSION = YES;
				CLANG_WARN_INT_CONVERSION = YES;
				CLANG_WARN_NON_LITERAL_NULL_CONVERSION = YES;
				CLANG_WARN_OBJC_IMPLICIT_RETAIN_SELF = YES;
				CLANG_WARN_OBJC_LITERAL_CONVERSION = YES;
				CLANG_WARN_OBJC_ROOT_CLASS = YES_ERROR;
				CLANG_WARN_QUOTED_INCLUDE_IN_FRAMEWORK_HEADER = YES;
				CLANG_WARN_RANGE_LOOP_ANALYSIS = YES;
				CLANG_WARN_STRICT_PROTOTYPES = YES;
				CLANG_WARN_SUSPICIOUS_MOVE = YES;
				CLANG_WARN_UNGUARDED_AVAILABILITY = YES_AGGRESSIVE;
				CLANG_WARN_UNREACHABLE_CODE = YES;
				CLANG_WARN__DUPLICATE_METHOD_MATCH = YES;
				COPY_PHASE_STRIP = NO;
				DEBUG_INFORMATION_FORMAT = "dwarf-with-dsym";
				ENABLE_NS_ASSERTIONS = NO;
				ENABLE_STRICT_OBJC_MSGSEND = YES;
				ENABLE_USER_SCRIPT_SANDBOXING = YES;
				GCC_C_LANGUAGE_STANDARD = gnu17;
				GCC_NO_COMMON_BLOCKS = YES;
				GCC_WARN_64_TO_32_BIT_CONVERSION = YES;
				GCC_WARN_ABOUT_RETURN_TYPE = YES_ERROR;
				GCC_WARN_UNDECLARED_SELECTOR = YES;
				GCC_WARN_UNINITIALIZED_AUTOS = YES_AGGRESSIVE;
				GCC_WARN_UNUSED_FUNCTION = YES;
				GCC_WARN_UNUSED_VARIABLE = YES;
				IPHONEOS_DEPLOYMENT_TARGET = 18.2;
				LOCALIZATION_PREFERS_STRING_CATALOGS = YES;
				MTL_ENABLE_DEBUG_INFO = NO;
				MTL_FAST_MATH = YES;
				SDKROOT = iphoneos;
				SWIFT_COMPILATION_MODE = wholemodule;
				VALIDATE_PRODUCT = YES;
			};
			name = Release;
		};
/* End XCBuildConfiguration section */

/* Begin XCConfigurationList section */
		37D9E7FB2D27F5FC00F96767 /* Build configuration list for PBXProject "SeSAC-Travel" */ = {
			isa = XCConfigurationList;
			buildConfigurations = (
				37D9E8162D27F5FD00F96767 /* Debug */,
				37D9E8172D27F5FD00F96767 /* Release */,
			);
			defaultConfigurationIsVisible = 0;
			defaultConfigurationName = Release;
		};
		37D9E8132D27F5FD00F96767 /* Build configuration list for PBXNativeTarget "SeSAC-Travel" */ = {
			isa = XCConfigurationList;
			buildConfigurations = (
				37D9E8142D27F5FD00F96767 /* Debug */,
				37D9E8152D27F5FD00F96767 /* Release */,
			);
			defaultConfigurationIsVisible = 0;
			defaultConfigurationName = Release;
		};
/* End XCConfigurationList section */

/* Begin XCRemoteSwiftPackageReference section */
		37D9E83A2D28124500F96767 /* XCRemoteSwiftPackageReference "Kingfisher" */ = {
			isa = XCRemoteSwiftPackageReference;
			repositoryURL = "https://github.com/onevcat/Kingfisher.git";
			requirement = {
				kind = upToNextMajorVersion;
				minimumVersion = 8.1.3;
			};
		};
/* End XCRemoteSwiftPackageReference section */

/* Begin XCSwiftPackageProductDependency section */
		37D9E83B2D28124500F96767 /* Kingfisher */ = {
			isa = XCSwiftPackageProductDependency;
			package = 37D9E83A2D28124500F96767 /* XCRemoteSwiftPackageReference "Kingfisher" */;
			productName = Kingfisher;
		};
/* End XCSwiftPackageProductDependency section */
	};
	rootObject = 37D9E7F82D27F5FC00F96767 /* Project object */;
}
