// !$*UTF8*$!
{
	archiveVersion = 1;
	classes = {
	};
	objectVersion = 77;
	objects = {

/* Begin PBXBuildFile section */
		37023CCF2D3B721A00602100 /* Assets.xcassets in Resources */ = {isa = PBXBuildFile; fileRef = 37023CC62D3B721A00602100 /* Assets.xcassets */; };
		37023CD12D3B721A00602100 /* LaunchScreen.storyboard in Resources */ = {isa = PBXBuildFile; fileRef = 37023CC92D3B721A00602100 /* LaunchScreen.storyboard */; };
		37023CD32D3B721A00602100 /* AppDelegate.swift in Sources */ = {isa = PBXBuildFile; fileRef = 37023CC52D3B721A00602100 /* AppDelegate.swift */; };
		37023CD42D3B721A00602100 /* SceneDelegate.swift in Sources */ = {isa = PBXBuildFile; fileRef = 37023CCC2D3B721A00602100 /* SceneDelegate.swift */; };
		37023CD52D3B721A00602100 /* PhotoSearchViewController.swift in Sources */ = {isa = PBXBuildFile; fileRef = 37023CCD2D3B721A00602100 /* PhotoSearchViewController.swift */; };
		37023CD92D3B733700602100 /* .gitignore in Resources */ = {isa = PBXBuildFile; fileRef = 37023CD82D3B733700602100 /* .gitignore */; };
		37023CDC2D3B735100602100 /* SnapKit in Frameworks */ = {isa = PBXBuildFile; productRef = 37023CDB2D3B735100602100 /* SnapKit */; };
		37023CDF2D3B735800602100 /* Then in Frameworks */ = {isa = PBXBuildFile; productRef = 37023CDE2D3B735800602100 /* Then */; };
		37023CE22D3B736800602100 /* Alamofire in Frameworks */ = {isa = PBXBuildFile; productRef = 37023CE12D3B736800602100 /* Alamofire */; };
		37023CE52D3B737500602100 /* Kingfisher in Frameworks */ = {isa = PBXBuildFile; productRef = 37023CE42D3B737500602100 /* Kingfisher */; };
		37023CED2D3B774700602100 /* BaseView.swift in Sources */ = {isa = PBXBuildFile; fileRef = 37023CEC2D3B774700602100 /* BaseView.swift */; };
		37023CEF2D3B775B00602100 /* BaseViewController.swift in Sources */ = {isa = PBXBuildFile; fileRef = 37023CEE2D3B775B00602100 /* BaseViewController.swift */; };
		37023CF12D3B777300602100 /* BaseCollectionViewCell.swift in Sources */ = {isa = PBXBuildFile; fileRef = 37023CF02D3B777300602100 /* BaseCollectionViewCell.swift */; };
		37023CF72D3B793A00602100 /* PhotoSearchView.swift in Sources */ = {isa = PBXBuildFile; fileRef = 37023CF62D3B793A00602100 /* PhotoSearchView.swift */; };
		37023CF92D3B79FB00602100 /* TabBarViewController.swift in Sources */ = {isa = PBXBuildFile; fileRef = 37023CF82D3B79FB00602100 /* TabBarViewController.swift */; };
		37023CFB2D3B853E00602100 /* NavigationBarViewController.swift in Sources */ = {isa = PBXBuildFile; fileRef = 37023CFA2D3B853E00602100 /* NavigationBarViewController.swift */; };
		37023CFF2D3B886A00602100 /* NetworkManager.swift in Sources */ = {isa = PBXBuildFile; fileRef = 37023CFE2D3B886A00602100 /* NetworkManager.swift */; };
		37023D012D3B8F4D00602100 /* PhotoSearch.swift in Sources */ = {isa = PBXBuildFile; fileRef = 37023D002D3B8F4D00602100 /* PhotoSearch.swift */; };
		37023D032D3B987200602100 /* Config.xcconfig in Resources */ = {isa = PBXBuildFile; fileRef = 37023D022D3B987200602100 /* Config.xcconfig */; };
		37023D062D3BC6FB00602100 /* Photo.swift in Sources */ = {isa = PBXBuildFile; fileRef = 37023D052D3BC6FB00602100 /* Photo.swift */; };
/* End PBXBuildFile section */

/* Begin PBXFileReference section */
		37023CAD2D3B721500602100 /* SeSAC-Photo.app */ = {isa = PBXFileReference; explicitFileType = wrapper.application; includeInIndex = 0; path = "SeSAC-Photo.app"; sourceTree = BUILT_PRODUCTS_DIR; };
		37023CC52D3B721A00602100 /* AppDelegate.swift */ = {isa = PBXFileReference; lastKnownFileType = sourcecode.swift; path = AppDelegate.swift; sourceTree = "<group>"; };
		37023CC62D3B721A00602100 /* Assets.xcassets */ = {isa = PBXFileReference; lastKnownFileType = folder.assetcatalog; path = Assets.xcassets; sourceTree = "<group>"; };
		37023CC72D3B721A00602100 /* Info.plist */ = {isa = PBXFileReference; lastKnownFileType = text.plist.xml; path = Info.plist; sourceTree = "<group>"; };
		37023CC82D3B721A00602100 /* Base */ = {isa = PBXFileReference; lastKnownFileType = file.storyboard; name = Base; path = Base.lproj/LaunchScreen.storyboard; sourceTree = "<group>"; };
		37023CCC2D3B721A00602100 /* SceneDelegate.swift */ = {isa = PBXFileReference; lastKnownFileType = sourcecode.swift; path = SceneDelegate.swift; sourceTree = "<group>"; };
		37023CCD2D3B721A00602100 /* PhotoSearchViewController.swift */ = {isa = PBXFileReference; lastKnownFileType = sourcecode.swift; path = PhotoSearchViewController.swift; sourceTree = "<group>"; };
		37023CD82D3B733700602100 /* .gitignore */ = {isa = PBXFileReference; lastKnownFileType = text; path = .gitignore; sourceTree = "<group>"; };
		37023CEC2D3B774700602100 /* BaseView.swift */ = {isa = PBXFileReference; lastKnownFileType = sourcecode.swift; path = BaseView.swift; sourceTree = "<group>"; };
		37023CEE2D3B775B00602100 /* BaseViewController.swift */ = {isa = PBXFileReference; lastKnownFileType = sourcecode.swift; path = BaseViewController.swift; sourceTree = "<group>"; };
		37023CF02D3B777300602100 /* BaseCollectionViewCell.swift */ = {isa = PBXFileReference; lastKnownFileType = sourcecode.swift; path = BaseCollectionViewCell.swift; sourceTree = "<group>"; };
		37023CF62D3B793A00602100 /* PhotoSearchView.swift */ = {isa = PBXFileReference; lastKnownFileType = sourcecode.swift; path = PhotoSearchView.swift; sourceTree = "<group>"; };
		37023CF82D3B79FB00602100 /* TabBarViewController.swift */ = {isa = PBXFileReference; lastKnownFileType = sourcecode.swift; path = TabBarViewController.swift; sourceTree = "<group>"; };
		37023CFA2D3B853E00602100 /* NavigationBarViewController.swift */ = {isa = PBXFileReference; lastKnownFileType = sourcecode.swift; path = NavigationBarViewController.swift; sourceTree = "<group>"; };
		37023CFE2D3B886A00602100 /* NetworkManager.swift */ = {isa = PBXFileReference; lastKnownFileType = sourcecode.swift; path = NetworkManager.swift; sourceTree = "<group>"; };
		37023D002D3B8F4D00602100 /* PhotoSearch.swift */ = {isa = PBXFileReference; lastKnownFileType = sourcecode.swift; path = PhotoSearch.swift; sourceTree = "<group>"; };
		37023D022D3B987200602100 /* Config.xcconfig */ = {isa = PBXFileReference; lastKnownFileType = text.xcconfig; path = Config.xcconfig; sourceTree = "<group>"; };
		37023D052D3BC6FB00602100 /* Photo.swift */ = {isa = PBXFileReference; lastKnownFileType = sourcecode.swift; path = Photo.swift; sourceTree = "<group>"; };
/* End PBXFileReference section */

/* Begin PBXFrameworksBuildPhase section */
		37023CAA2D3B721500602100 /* Frameworks */ = {
			isa = PBXFrameworksBuildPhase;
			buildActionMask = 2147483647;
			files = (
				37023CE52D3B737500602100 /* Kingfisher in Frameworks */,
				37023CE22D3B736800602100 /* Alamofire in Frameworks */,
				37023CDC2D3B735100602100 /* SnapKit in Frameworks */,
				37023CDF2D3B735800602100 /* Then in Frameworks */,
			);
			runOnlyForDeploymentPostprocessing = 0;
		};
/* End PBXFrameworksBuildPhase section */

/* Begin PBXGroup section */
		37023CA42D3B721400602100 = {
			isa = PBXGroup;
			children = (
				37023CD82D3B733700602100 /* .gitignore */,
				37023CCE2D3B721A00602100 /* SeSAC-Photo */,
				37023CAE2D3B721500602100 /* Products */,
			);
			sourceTree = "<group>";
		};
		37023CAE2D3B721500602100 /* Products */ = {
			isa = PBXGroup;
			children = (
				37023CAD2D3B721500602100 /* SeSAC-Photo.app */,
			);
			name = Products;
			sourceTree = "<group>";
		};
		37023CCE2D3B721A00602100 /* SeSAC-Photo */ = {
			isa = PBXGroup;
			children = (
				37023CE72D3B73E800602100 /* Application */,
				37023CE92D3B771800602100 /* Util */,
				37023CFD2D3B883900602100 /* Model */,
				37023CF42D3B78C100602100 /* View */,
				37023CF52D3B78C200602100 /* Controller */,
				37023CD72D3B727800602100 /* Resource */,
			);
			path = "SeSAC-Photo";
			sourceTree = "<group>";
		};
		37023CD72D3B727800602100 /* Resource */ = {
			isa = PBXGroup;
			children = (
				37023CC62D3B721A00602100 /* Assets.xcassets */,
				37023CC92D3B721A00602100 /* LaunchScreen.storyboard */,
				37023CC72D3B721A00602100 /* Info.plist */,
			);
			path = Resource;
			sourceTree = "<group>";
		};
		37023CE72D3B73E800602100 /* Application */ = {
			isa = PBXGroup;
			children = (
				37023CC52D3B721A00602100 /* AppDelegate.swift */,
				37023CCC2D3B721A00602100 /* SceneDelegate.swift */,
				37023D022D3B987200602100 /* Config.xcconfig */,
			);
			path = Application;
			sourceTree = "<group>";
		};
		37023CE92D3B771800602100 /* Util */ = {
			isa = PBXGroup;
			children = (
				37023CEB2D3B772700602100 /* Base */,
			);
			path = Util;
			sourceTree = "<group>";
		};
		37023CEB2D3B772700602100 /* Base */ = {
			isa = PBXGroup;
			children = (
				37023CEC2D3B774700602100 /* BaseView.swift */,
				37023CF02D3B777300602100 /* BaseCollectionViewCell.swift */,
				37023CEE2D3B775B00602100 /* BaseViewController.swift */,
			);
			path = Base;
			sourceTree = "<group>";
		};
		37023CF42D3B78C100602100 /* View */ = {
			isa = PBXGroup;
			children = (
				37023CF62D3B793A00602100 /* PhotoSearchView.swift */,
			);
			path = View;
			sourceTree = "<group>";
		};
		37023CF52D3B78C200602100 /* Controller */ = {
			isa = PBXGroup;
			children = (
				37023CFA2D3B853E00602100 /* NavigationBarViewController.swift */,
				37023CF82D3B79FB00602100 /* TabBarViewController.swift */,
				37023CCD2D3B721A00602100 /* PhotoSearchViewController.swift */,
			);
			path = Controller;
			sourceTree = "<group>";
		};
		37023CFD2D3B883900602100 /* Model */ = {
			isa = PBXGroup;
			children = (
				37023D052D3BC6FB00602100 /* Photo.swift */,
				37023D002D3B8F4D00602100 /* PhotoSearch.swift */,
				37023CFE2D3B886A00602100 /* NetworkManager.swift */,
			);
			path = Model;
			sourceTree = "<group>";
		};
/* End PBXGroup section */

/* Begin PBXNativeTarget section */
		37023CAC2D3B721500602100 /* SeSAC-Photo */ = {
			isa = PBXNativeTarget;
			buildConfigurationList = 37023CC02D3B721500602100 /* Build configuration list for PBXNativeTarget "SeSAC-Photo" */;
			buildPhases = (
				37023CA92D3B721500602100 /* Sources */,
				37023CAA2D3B721500602100 /* Frameworks */,
				37023CAB2D3B721500602100 /* Resources */,
			);
			buildRules = (
			);
			dependencies = (
			);
			name = "SeSAC-Photo";
			packageProductDependencies = (
				37023CDB2D3B735100602100 /* SnapKit */,
				37023CDE2D3B735800602100 /* Then */,
				37023CE12D3B736800602100 /* Alamofire */,
				37023CE42D3B737500602100 /* Kingfisher */,
			);
			productName = "SeSAC-Photo";
			productReference = 37023CAD2D3B721500602100 /* SeSAC-Photo.app */;
			productType = "com.apple.product-type.application";
		};
/* End PBXNativeTarget section */

/* Begin PBXProject section */
		37023CA52D3B721400602100 /* Project object */ = {
			isa = PBXProject;
			attributes = {
				BuildIndependentTargetsInParallel = 1;
				LastSwiftUpdateCheck = 1620;
				LastUpgradeCheck = 1620;
				TargetAttributes = {
					37023CAC2D3B721500602100 = {
						CreatedOnToolsVersion = 16.2;
					};
				};
			};
			buildConfigurationList = 37023CA82D3B721400602100 /* Build configuration list for PBXProject "SeSAC-Photo" */;
			developmentRegion = en;
			hasScannedForEncodings = 0;
			knownRegions = (
				en,
				Base,
			);
			mainGroup = 37023CA42D3B721400602100;
			minimizedProjectReferenceProxies = 1;
			packageReferences = (
				37023CDA2D3B735100602100 /* XCRemoteSwiftPackageReference "SnapKit" */,
				37023CDD2D3B735800602100 /* XCRemoteSwiftPackageReference "Then" */,
				37023CE02D3B736800602100 /* XCRemoteSwiftPackageReference "Alamofire" */,
				37023CE32D3B737500602100 /* XCRemoteSwiftPackageReference "Kingfisher" */,
			);
			preferredProjectObjectVersion = 77;
			productRefGroup = 37023CAE2D3B721500602100 /* Products */;
			projectDirPath = "";
			projectRoot = "";
			targets = (
				37023CAC2D3B721500602100 /* SeSAC-Photo */,
			);
		};
/* End PBXProject section */

/* Begin PBXResourcesBuildPhase section */
		37023CAB2D3B721500602100 /* Resources */ = {
			isa = PBXResourcesBuildPhase;
			buildActionMask = 2147483647;
			files = (
				37023D032D3B987200602100 /* Config.xcconfig in Resources */,
				37023CCF2D3B721A00602100 /* Assets.xcassets in Resources */,
				37023CD92D3B733700602100 /* .gitignore in Resources */,
				37023CD12D3B721A00602100 /* LaunchScreen.storyboard in Resources */,
			);
			runOnlyForDeploymentPostprocessing = 0;
		};
/* End PBXResourcesBuildPhase section */

/* Begin PBXSourcesBuildPhase section */
		37023CA92D3B721500602100 /* Sources */ = {
			isa = PBXSourcesBuildPhase;
			buildActionMask = 2147483647;
			files = (
				37023D062D3BC6FB00602100 /* Photo.swift in Sources */,
				37023CF92D3B79FB00602100 /* TabBarViewController.swift in Sources */,
				37023CFB2D3B853E00602100 /* NavigationBarViewController.swift in Sources */,
				37023D012D3B8F4D00602100 /* PhotoSearch.swift in Sources */,
				37023CFF2D3B886A00602100 /* NetworkManager.swift in Sources */,
				37023CEF2D3B775B00602100 /* BaseViewController.swift in Sources */,
				37023CD32D3B721A00602100 /* AppDelegate.swift in Sources */,
				37023CD42D3B721A00602100 /* SceneDelegate.swift in Sources */,
				37023CD52D3B721A00602100 /* PhotoSearchViewController.swift in Sources */,
				37023CED2D3B774700602100 /* BaseView.swift in Sources */,
				37023CF12D3B777300602100 /* BaseCollectionViewCell.swift in Sources */,
				37023CF72D3B793A00602100 /* PhotoSearchView.swift in Sources */,
			);
			runOnlyForDeploymentPostprocessing = 0;
		};
/* End PBXSourcesBuildPhase section */

/* Begin PBXVariantGroup section */
		37023CC92D3B721A00602100 /* LaunchScreen.storyboard */ = {
			isa = PBXVariantGroup;
			children = (
				37023CC82D3B721A00602100 /* Base */,
			);
			name = LaunchScreen.storyboard;
			sourceTree = "<group>";
		};
/* End PBXVariantGroup section */

/* Begin XCBuildConfiguration section */
		37023CC12D3B721500602100 /* Debug */ = {
			isa = XCBuildConfiguration;
			baseConfigurationReference = 37023D022D3B987200602100 /* Config.xcconfig */;
			buildSettings = {
				ASSETCATALOG_COMPILER_APPICON_NAME = AppIcon;
				ASSETCATALOG_COMPILER_GLOBAL_ACCENT_COLOR_NAME = AccentColor;
				CODE_SIGN_STYLE = Automatic;
				CURRENT_PROJECT_VERSION = 1;
				DEVELOPMENT_TEAM = Z4QC7WDU5Z;
				GENERATE_INFOPLIST_FILE = YES;
				INFOPLIST_FILE = "SeSAC-Photo/Resource/Info.plist";
				INFOPLIST_KEY_UIApplicationSupportsIndirectInputEvents = YES;
				INFOPLIST_KEY_UILaunchStoryboardName = LaunchScreen;
				INFOPLIST_KEY_UISupportedInterfaceOrientations = UIInterfaceOrientationPortrait;
				INFOPLIST_KEY_UISupportedInterfaceOrientations_iPad = "UIInterfaceOrientationLandscapeLeft UIInterfaceOrientationLandscapeRight UIInterfaceOrientationPortrait UIInterfaceOrientationPortraitUpsideDown";
				LD_RUNPATH_SEARCH_PATHS = (
					"$(inherited)",
					"@executable_path/Frameworks",
				);
				MARKETING_VERSION = 1.0;
				PRODUCT_BUNDLE_IDENTIFIER = "com.kjh.SeSAC-Photo";
				PRODUCT_NAME = "$(TARGET_NAME)";
				SUPPORTED_PLATFORMS = "iphoneos iphonesimulator";
				SUPPORTS_MACCATALYST = NO;
				SUPPORTS_MAC_DESIGNED_FOR_IPHONE_IPAD = NO;
				SUPPORTS_XR_DESIGNED_FOR_IPHONE_IPAD = NO;
				SWIFT_EMIT_LOC_STRINGS = YES;
				SWIFT_VERSION = 5.0;
				TARGETED_DEVICE_FAMILY = 1;
			};
			name = Debug;
		};
		37023CC22D3B721500602100 /* Release */ = {
			isa = XCBuildConfiguration;
			baseConfigurationReference = 37023D022D3B987200602100 /* Config.xcconfig */;
			buildSettings = {
				ASSETCATALOG_COMPILER_APPICON_NAME = AppIcon;
				ASSETCATALOG_COMPILER_GLOBAL_ACCENT_COLOR_NAME = AccentColor;
				CODE_SIGN_STYLE = Automatic;
				CURRENT_PROJECT_VERSION = 1;
				DEVELOPMENT_TEAM = Z4QC7WDU5Z;
				GENERATE_INFOPLIST_FILE = YES;
				INFOPLIST_FILE = "SeSAC-Photo/Resource/Info.plist";
				INFOPLIST_KEY_UIApplicationSupportsIndirectInputEvents = YES;
				INFOPLIST_KEY_UILaunchStoryboardName = LaunchScreen;
				INFOPLIST_KEY_UISupportedInterfaceOrientations = UIInterfaceOrientationPortrait;
				INFOPLIST_KEY_UISupportedInterfaceOrientations_iPad = "UIInterfaceOrientationLandscapeLeft UIInterfaceOrientationLandscapeRight UIInterfaceOrientationPortrait UIInterfaceOrientationPortraitUpsideDown";
				LD_RUNPATH_SEARCH_PATHS = (
					"$(inherited)",
					"@executable_path/Frameworks",
				);
				MARKETING_VERSION = 1.0;
				PRODUCT_BUNDLE_IDENTIFIER = "com.kjh.SeSAC-Photo";
				PRODUCT_NAME = "$(TARGET_NAME)";
				SUPPORTED_PLATFORMS = "iphoneos iphonesimulator";
				SUPPORTS_MACCATALYST = NO;
				SUPPORTS_MAC_DESIGNED_FOR_IPHONE_IPAD = NO;
				SUPPORTS_XR_DESIGNED_FOR_IPHONE_IPAD = NO;
				SWIFT_EMIT_LOC_STRINGS = YES;
				SWIFT_VERSION = 5.0;
				TARGETED_DEVICE_FAMILY = 1;
			};
			name = Release;
		};
		37023CC32D3B721500602100 /* Debug */ = {
			isa = XCBuildConfiguration;
			baseConfigurationReference = 37023D022D3B987200602100 /* Config.xcconfig */;
			buildSettings = {
				ALWAYS_SEARCH_USER_PATHS = NO;
				ASSETCATALOG_COMPILER_GENERATE_SWIFT_ASSET_SYMBOL_EXTENSIONS = YES;
				CLANG_ANALYZER_NONNULL = YES;
				CLANG_ANALYZER_NUMBER_OBJECT_CONVERSION = YES_AGGRESSIVE;
				CLANG_CXX_LANGUAGE_STANDARD = "gnu++20";
				CLANG_ENABLE_MODULES = YES;
				CLANG_ENABLE_OBJC_ARC = YES;
				CLANG_ENABLE_OBJC_WEAK = YES;
				CLANG_WARN_BLOCK_CAPTURE_AUTORELEASING = YES;
				CLANG_WARN_BOOL_CONVERSION = YES;
				CLANG_WARN_COMMA = YES;
				CLANG_WARN_CONSTANT_CONVERSION = YES;
				CLANG_WARN_DEPRECATED_OBJC_IMPLEMENTATIONS = YES;
				CLANG_WARN_DIRECT_OBJC_ISA_USAGE = YES_ERROR;
				CLANG_WARN_DOCUMENTATION_COMMENTS = YES;
				CLANG_WARN_EMPTY_BODY = YES;
				CLANG_WARN_ENUM_CONVERSION = YES;
				CLANG_WARN_INFINITE_RECURSION = YES;
				CLANG_WARN_INT_CONVERSION = YES;
				CLANG_WARN_NON_LITERAL_NULL_CONVERSION = YES;
				CLANG_WARN_OBJC_IMPLICIT_RETAIN_SELF = YES;
				CLANG_WARN_OBJC_LITERAL_CONVERSION = YES;
				CLANG_WARN_OBJC_ROOT_CLASS = YES_ERROR;
				CLANG_WARN_QUOTED_INCLUDE_IN_FRAMEWORK_HEADER = YES;
				CLANG_WARN_RANGE_LOOP_ANALYSIS = YES;
				CLANG_WARN_STRICT_PROTOTYPES = YES;
				CLANG_WARN_SUSPICIOUS_MOVE = YES;
				CLANG_WARN_UNGUARDED_AVAILABILITY = YES_AGGRESSIVE;
				CLANG_WARN_UNREACHABLE_CODE = YES;
				CLANG_WARN__DUPLICATE_METHOD_MATCH = YES;
				COPY_PHASE_STRIP = NO;
				DEBUG_INFORMATION_FORMAT = dwarf;
				ENABLE_STRICT_OBJC_MSGSEND = YES;
				ENABLE_TESTABILITY = YES;
				ENABLE_USER_SCRIPT_SANDBOXING = YES;
				GCC_C_LANGUAGE_STANDARD = gnu17;
				GCC_DYNAMIC_NO_PIC = NO;
				GCC_NO_COMMON_BLOCKS = YES;
				GCC_OPTIMIZATION_LEVEL = 0;
				GCC_PREPROCESSOR_DEFINITIONS = (
					"DEBUG=1",
					"$(inherited)",
				);
				GCC_WARN_64_TO_32_BIT_CONVERSION = YES;
				GCC_WARN_ABOUT_RETURN_TYPE = YES_ERROR;
				GCC_WARN_UNDECLARED_SELECTOR = YES;
				GCC_WARN_UNINITIALIZED_AUTOS = YES_AGGRESSIVE;
				GCC_WARN_UNUSED_FUNCTION = YES;
				GCC_WARN_UNUSED_VARIABLE = YES;
				IPHONEOS_DEPLOYMENT_TARGET = 18.2;
				LOCALIZATION_PREFERS_STRING_CATALOGS = YES;
				MTL_ENABLE_DEBUG_INFO = INCLUDE_SOURCE;
				MTL_FAST_MATH = YES;
				ONLY_ACTIVE_ARCH = YES;
				SDKROOT = iphoneos;
				SWIFT_ACTIVE_COMPILATION_CONDITIONS = "DEBUG $(inherited)";
				SWIFT_OPTIMIZATION_LEVEL = "-Onone";
			};
			name = Debug;
		};
		37023CC42D3B721500602100 /* Release */ = {
			isa = XCBuildConfiguration;
			baseConfigurationReference = 37023D022D3B987200602100 /* Config.xcconfig */;
			buildSettings = {
				ALWAYS_SEARCH_USER_PATHS = NO;
				ASSETCATALOG_COMPILER_GENERATE_SWIFT_ASSET_SYMBOL_EXTENSIONS = YES;
				CLANG_ANALYZER_NONNULL = YES;
				CLANG_ANALYZER_NUMBER_OBJECT_CONVERSION = YES_AGGRESSIVE;
				CLANG_CXX_LANGUAGE_STANDARD = "gnu++20";
				CLANG_ENABLE_MODULES = YES;
				CLANG_ENABLE_OBJC_ARC = YES;
				CLANG_ENABLE_OBJC_WEAK = YES;
				CLANG_WARN_BLOCK_CAPTURE_AUTORELEASING = YES;
				CLANG_WARN_BOOL_CONVERSION = YES;
				CLANG_WARN_COMMA = YES;
				CLANG_WARN_CONSTANT_CONVERSION = YES;
				CLANG_WARN_DEPRECATED_OBJC_IMPLEMENTATIONS = YES;
				CLANG_WARN_DIRECT_OBJC_ISA_USAGE = YES_ERROR;
				CLANG_WARN_DOCUMENTATION_COMMENTS = YES;
				CLANG_WARN_EMPTY_BODY = YES;
				CLANG_WARN_ENUM_CONVERSION = YES;
				CLANG_WARN_INFINITE_RECURSION = YES;
				CLANG_WARN_INT_CONVERSION = YES;
				CLANG_WARN_NON_LITERAL_NULL_CONVERSION = YES;
				CLANG_WARN_OBJC_IMPLICIT_RETAIN_SELF = YES;
				CLANG_WARN_OBJC_LITERAL_CONVERSION = YES;
				CLANG_WARN_OBJC_ROOT_CLASS = YES_ERROR;
				CLANG_WARN_QUOTED_INCLUDE_IN_FRAMEWORK_HEADER = YES;
				CLANG_WARN_RANGE_LOOP_ANALYSIS = YES;
				CLANG_WARN_STRICT_PROTOTYPES = YES;
				CLANG_WARN_SUSPICIOUS_MOVE = YES;
				CLANG_WARN_UNGUARDED_AVAILABILITY = YES_AGGRESSIVE;
				CLANG_WARN_UNREACHABLE_CODE = YES;
				CLANG_WARN__DUPLICATE_METHOD_MATCH = YES;
				COPY_PHASE_STRIP = NO;
				DEBUG_INFORMATION_FORMAT = "dwarf-with-dsym";
				ENABLE_NS_ASSERTIONS = NO;
				ENABLE_STRICT_OBJC_MSGSEND = YES;
				ENABLE_USER_SCRIPT_SANDBOXING = YES;
				GCC_C_LANGUAGE_STANDARD = gnu17;
				GCC_NO_COMMON_BLOCKS = YES;
				GCC_WARN_64_TO_32_BIT_CONVERSION = YES;
				GCC_WARN_ABOUT_RETURN_TYPE = YES_ERROR;
				GCC_WARN_UNDECLARED_SELECTOR = YES;
				GCC_WARN_UNINITIALIZED_AUTOS = YES_AGGRESSIVE;
				GCC_WARN_UNUSED_FUNCTION = YES;
				GCC_WARN_UNUSED_VARIABLE = YES;
				IPHONEOS_DEPLOYMENT_TARGET = 18.2;
				LOCALIZATION_PREFERS_STRING_CATALOGS = YES;
				MTL_ENABLE_DEBUG_INFO = NO;
				MTL_FAST_MATH = YES;
				SDKROOT = iphoneos;
				SWIFT_COMPILATION_MODE = wholemodule;
				VALIDATE_PRODUCT = YES;
			};
			name = Release;
		};
/* End XCBuildConfiguration section */

/* Begin XCConfigurationList section */
		37023CA82D3B721400602100 /* Build configuration list for PBXProject "SeSAC-Photo" */ = {
			isa = XCConfigurationList;
			buildConfigurations = (
				37023CC32D3B721500602100 /* Debug */,
				37023CC42D3B721500602100 /* Release */,
			);
			defaultConfigurationIsVisible = 0;
			defaultConfigurationName = Release;
		};
		37023CC02D3B721500602100 /* Build configuration list for PBXNativeTarget "SeSAC-Photo" */ = {
			isa = XCConfigurationList;
			buildConfigurations = (
				37023CC12D3B721500602100 /* Debug */,
				37023CC22D3B721500602100 /* Release */,
			);
			defaultConfigurationIsVisible = 0;
			defaultConfigurationName = Release;
		};
/* End XCConfigurationList section */

/* Begin XCRemoteSwiftPackageReference section */
		37023CDA2D3B735100602100 /* XCRemoteSwiftPackageReference "SnapKit" */ = {
			isa = XCRemoteSwiftPackageReference;
			repositoryURL = "https://github.com/SnapKit/SnapKit.git";
			requirement = {
				kind = upToNextMajorVersion;
				minimumVersion = 5.7.1;
			};
		};
		37023CDD2D3B735800602100 /* XCRemoteSwiftPackageReference "Then" */ = {
			isa = XCRemoteSwiftPackageReference;
			repositoryURL = "https://github.com/devxoul/Then.git";
			requirement = {
				kind = upToNextMajorVersion;
				minimumVersion = 3.0.0;
			};
		};
		37023CE02D3B736800602100 /* XCRemoteSwiftPackageReference "Alamofire" */ = {
			isa = XCRemoteSwiftPackageReference;
			repositoryURL = "https://github.com/Alamofire/Alamofire.git";
			requirement = {
				kind = upToNextMajorVersion;
				minimumVersion = 5.10.2;
			};
		};
		37023CE32D3B737500602100 /* XCRemoteSwiftPackageReference "Kingfisher" */ = {
			isa = XCRemoteSwiftPackageReference;
			repositoryURL = "https://github.com/onevcat/Kingfisher.git";
			requirement = {
				kind = upToNextMajorVersion;
				minimumVersion = 8.1.3;
			};
		};
/* End XCRemoteSwiftPackageReference section */

/* Begin XCSwiftPackageProductDependency section */
		37023CDB2D3B735100602100 /* SnapKit */ = {
			isa = XCSwiftPackageProductDependency;
			package = 37023CDA2D3B735100602100 /* XCRemoteSwiftPackageReference "SnapKit" */;
			productName = SnapKit;
		};
		37023CDE2D3B735800602100 /* Then */ = {
			isa = XCSwiftPackageProductDependency;
			package = 37023CDD2D3B735800602100 /* XCRemoteSwiftPackageReference "Then" */;
			productName = Then;
		};
		37023CE12D3B736800602100 /* Alamofire */ = {
			isa = XCSwiftPackageProductDependency;
			package = 37023CE02D3B736800602100 /* XCRemoteSwiftPackageReference "Alamofire" */;
			productName = Alamofire;
		};
		37023CE42D3B737500602100 /* Kingfisher */ = {
			isa = XCSwiftPackageProductDependency;
			package = 37023CE32D3B737500602100 /* XCRemoteSwiftPackageReference "Kingfisher" */;
			productName = Kingfisher;
		};
/* End XCSwiftPackageProductDependency section */
	};
	rootObject = 37023CA52D3B721400602100 /* Project object */;
}
