// !$*UTF8*$!
{
	archiveVersion = 1;
	classes = {
	};
	objectVersion = 77;
	objects = {

/* Begin PBXBuildFile section */
		3711167C2D64C6AE00CB417D /* AppDelegate.swift in Sources */ = {isa = PBXBuildFile; fileRef = 371116722D64C6AE00CB417D /* AppDelegate.swift */; };
		3711167D2D64C6AE00CB417D /* SceneDelegate.swift in Sources */ = {isa = PBXBuildFile; fileRef = 371116792D64C6AE00CB417D /* SceneDelegate.swift */; };
		3711167F2D64C6AE00CB417D /* Assets.xcassets in Resources */ = {isa = PBXBuildFile; fileRef = 371116732D64C6AE00CB417D /* Assets.xcassets */; };
		371116812D64C6AE00CB417D /* LaunchScreen.storyboard in Resources */ = {isa = PBXBuildFile; fileRef = 371116762D64C6AE00CB417D /* LaunchScreen.storyboard */; };
		371116842D64C83A00CB417D /* .gitignore in Resources */ = {isa = PBXBuildFile; fileRef = 371116832D64C83A00CB417D /* .gitignore */; };
		371116862D64C89B00CB417D /* SimpleTableViewExampleViewController.swift in Sources */ = {isa = PBXBuildFile; fileRef = 371116852D64C89B00CB417D /* SimpleTableViewExampleViewController.swift */; };
		371116892D64CA7A00CB417D /* RxCocoa in Frameworks */ = {isa = PBXBuildFile; productRef = 371116882D64CA7A00CB417D /* RxCocoa */; };
		3711168B2D64CA7A00CB417D /* RxSwift in Frameworks */ = {isa = PBXBuildFile; productRef = 3711168A2D64CA7A00CB417D /* RxSwift */; };
		3711168E2D64CA8300CB417D /* Then in Frameworks */ = {isa = PBXBuildFile; productRef = 3711168D2D64CA8300CB417D /* Then */; };
		371116912D64CA9700CB417D /* SnapKit in Frameworks */ = {isa = PBXBuildFile; productRef = 371116902D64CA9700CB417D /* SnapKit */; };
		371116932D64D41900CB417D /* NumbersViewController.swift in Sources */ = {isa = PBXBuildFile; fileRef = 371116922D64D41900CB417D /* NumbersViewController.swift */; };
		371116952D64D42300CB417D /* SimpleValidationViewController.swift in Sources */ = {isa = PBXBuildFile; fileRef = 371116942D64D42300CB417D /* SimpleValidationViewController.swift */; };
		371116972D64D42E00CB417D /* BirthDayViewController.swift in Sources */ = {isa = PBXBuildFile; fileRef = 371116962D64D42E00CB417D /* BirthDayViewController.swift */; };
/* End PBXBuildFile section */

/* Begin PBXFileReference section */
		3711165A2D64C6AA00CB417D /* SeSAC-RxSample.app */ = {isa = PBXFileReference; explicitFileType = wrapper.application; includeInIndex = 0; path = "SeSAC-RxSample.app"; sourceTree = BUILT_PRODUCTS_DIR; };
		371116722D64C6AE00CB417D /* AppDelegate.swift */ = {isa = PBXFileReference; lastKnownFileType = sourcecode.swift; path = AppDelegate.swift; sourceTree = "<group>"; };
		371116732D64C6AE00CB417D /* Assets.xcassets */ = {isa = PBXFileReference; lastKnownFileType = folder.assetcatalog; path = Assets.xcassets; sourceTree = "<group>"; };
		371116742D64C6AE00CB417D /* Info.plist */ = {isa = PBXFileReference; lastKnownFileType = text.plist.xml; path = Info.plist; sourceTree = "<group>"; };
		371116752D64C6AE00CB417D /* Base */ = {isa = PBXFileReference; lastKnownFileType = file.storyboard; name = Base; path = Base.lproj/LaunchScreen.storyboard; sourceTree = "<group>"; };
		371116792D64C6AE00CB417D /* SceneDelegate.swift */ = {isa = PBXFileReference; lastKnownFileType = sourcecode.swift; path = SceneDelegate.swift; sourceTree = "<group>"; };
		371116832D64C83A00CB417D /* .gitignore */ = {isa = PBXFileReference; lastKnownFileType = text; path = .gitignore; sourceTree = "<group>"; };
		371116852D64C89B00CB417D /* SimpleTableViewExampleViewController.swift */ = {isa = PBXFileReference; lastKnownFileType = sourcecode.swift; path = SimpleTableViewExampleViewController.swift; sourceTree = "<group>"; };
		371116922D64D41900CB417D /* NumbersViewController.swift */ = {isa = PBXFileReference; lastKnownFileType = sourcecode.swift; path = NumbersViewController.swift; sourceTree = "<group>"; };
		371116942D64D42300CB417D /* SimpleValidationViewController.swift */ = {isa = PBXFileReference; lastKnownFileType = sourcecode.swift; path = SimpleValidationViewController.swift; sourceTree = "<group>"; };
		371116962D64D42E00CB417D /* BirthDayViewController.swift */ = {isa = PBXFileReference; lastKnownFileType = sourcecode.swift; path = BirthDayViewController.swift; sourceTree = "<group>"; };
/* End PBXFileReference section */

/* Begin PBXFrameworksBuildPhase section */
		371116572D64C6AA00CB417D /* Frameworks */ = {
			isa = PBXFrameworksBuildPhase;
			buildActionMask = 2147483647;
			files = (
				3711168B2D64CA7A00CB417D /* RxSwift in Frameworks */,
				371116912D64CA9700CB417D /* SnapKit in Frameworks */,
				3711168E2D64CA8300CB417D /* Then in Frameworks */,
				371116892D64CA7A00CB417D /* RxCocoa in Frameworks */,
			);
			runOnlyForDeploymentPostprocessing = 0;
		};
/* End PBXFrameworksBuildPhase section */

/* Begin PBXGroup section */
		371116512D64C6AA00CB417D = {
			isa = PBXGroup;
			children = (
				371116832D64C83A00CB417D /* .gitignore */,
				3711167B2D64C6AE00CB417D /* SeSAC-RxSample */,
				3711165B2D64C6AA00CB417D /* Products */,
			);
			sourceTree = "<group>";
		};
		3711165B2D64C6AA00CB417D /* Products */ = {
			isa = PBXGroup;
			children = (
				3711165A2D64C6AA00CB417D /* SeSAC-RxSample.app */,
			);
			name = Products;
			sourceTree = "<group>";
		};
		3711167B2D64C6AE00CB417D /* SeSAC-RxSample */ = {
			isa = PBXGroup;
			children = (
				371116722D64C6AE00CB417D /* AppDelegate.swift */,
				371116792D64C6AE00CB417D /* SceneDelegate.swift */,
				371116852D64C89B00CB417D /* SimpleTableViewExampleViewController.swift */,
				371116922D64D41900CB417D /* NumbersViewController.swift */,
				371116942D64D42300CB417D /* SimpleValidationViewController.swift */,
				371116962D64D42E00CB417D /* BirthDayViewController.swift */,
				371116732D64C6AE00CB417D /* Assets.xcassets */,
				371116742D64C6AE00CB417D /* Info.plist */,
				371116762D64C6AE00CB417D /* LaunchScreen.storyboard */,
			);
			path = "SeSAC-RxSample";
			sourceTree = "<group>";
		};
/* End PBXGroup section */

/* Begin PBXNativeTarget section */
		371116592D64C6AA00CB417D /* SeSAC-RxSample */ = {
			isa = PBXNativeTarget;
			buildConfigurationList = 3711166D2D64C6AB00CB417D /* Build configuration list for PBXNativeTarget "SeSAC-RxSample" */;
			buildPhases = (
				371116562D64C6AA00CB417D /* Sources */,
				371116572D64C6AA00CB417D /* Frameworks */,
				371116582D64C6AA00CB417D /* Resources */,
			);
			buildRules = (
			);
			dependencies = (
			);
			name = "SeSAC-RxSample";
			packageProductDependencies = (
				371116882D64CA7A00CB417D /* RxCocoa */,
				3711168A2D64CA7A00CB417D /* RxSwift */,
				3711168D2D64CA8300CB417D /* Then */,
				371116902D64CA9700CB417D /* SnapKit */,
			);
			productName = "SeSAC-RxSample";
			productReference = 3711165A2D64C6AA00CB417D /* SeSAC-RxSample.app */;
			productType = "com.apple.product-type.application";
		};
/* End PBXNativeTarget section */

/* Begin PBXProject section */
		371116522D64C6AA00CB417D /* Project object */ = {
			isa = PBXProject;
			attributes = {
				BuildIndependentTargetsInParallel = 1;
				LastSwiftUpdateCheck = 1620;
				LastUpgradeCheck = 1620;
				TargetAttributes = {
					371116592D64C6AA00CB417D = {
						CreatedOnToolsVersion = 16.2;
					};
				};
			};
			buildConfigurationList = 371116552D64C6AA00CB417D /* Build configuration list for PBXProject "SeSAC-RxSample" */;
			developmentRegion = en;
			hasScannedForEncodings = 0;
			knownRegions = (
				en,
				Base,
			);
			mainGroup = 371116512D64C6AA00CB417D;
			minimizedProjectReferenceProxies = 1;
			packageReferences = (
				371116872D64CA7A00CB417D /* XCRemoteSwiftPackageReference "RxSwift" */,
				3711168C2D64CA8300CB417D /* XCRemoteSwiftPackageReference "Then" */,
				3711168F2D64CA9700CB417D /* XCRemoteSwiftPackageReference "SnapKit" */,
			);
			preferredProjectObjectVersion = 77;
			productRefGroup = 3711165B2D64C6AA00CB417D /* Products */;
			projectDirPath = "";
			projectRoot = "";
			targets = (
				371116592D64C6AA00CB417D /* SeSAC-RxSample */,
			);
		};
/* End PBXProject section */

/* Begin PBXResourcesBuildPhase section */
		371116582D64C6AA00CB417D /* Resources */ = {
			isa = PBXResourcesBuildPhase;
			buildActionMask = 2147483647;
			files = (
				3711167F2D64C6AE00CB417D /* Assets.xcassets in Resources */,
				371116842D64C83A00CB417D /* .gitignore in Resources */,
				371116812D64C6AE00CB417D /* LaunchScreen.storyboard in Resources */,
			);
			runOnlyForDeploymentPostprocessing = 0;
		};
/* End PBXResourcesBuildPhase section */

/* Begin PBXSourcesBuildPhase section */
		371116562D64C6AA00CB417D /* Sources */ = {
			isa = PBXSourcesBuildPhase;
			buildActionMask = 2147483647;
			files = (
				3711167C2D64C6AE00CB417D /* AppDelegate.swift in Sources */,
				371116972D64D42E00CB417D /* BirthDayViewController.swift in Sources */,
				371116932D64D41900CB417D /* NumbersViewController.swift in Sources */,
				3711167D2D64C6AE00CB417D /* SceneDelegate.swift in Sources */,
				371116862D64C89B00CB417D /* SimpleTableViewExampleViewController.swift in Sources */,
				371116952D64D42300CB417D /* SimpleValidationViewController.swift in Sources */,
			);
			runOnlyForDeploymentPostprocessing = 0;
		};
/* End PBXSourcesBuildPhase section */

/* Begin PBXVariantGroup section */
		371116762D64C6AE00CB417D /* LaunchScreen.storyboard */ = {
			isa = PBXVariantGroup;
			children = (
				371116752D64C6AE00CB417D /* Base */,
			);
			name = LaunchScreen.storyboard;
			sourceTree = "<group>";
		};
/* End PBXVariantGroup section */

/* Begin XCBuildConfiguration section */
		3711166E2D64C6AB00CB417D /* Debug */ = {
			isa = XCBuildConfiguration;
			buildSettings = {
				ASSETCATALOG_COMPILER_APPICON_NAME = AppIcon;
				ASSETCATALOG_COMPILER_GLOBAL_ACCENT_COLOR_NAME = AccentColor;
				CODE_SIGN_STYLE = Automatic;
				CURRENT_PROJECT_VERSION = 1;
				DEVELOPMENT_TEAM = Z4QC7WDU5Z;
				GENERATE_INFOPLIST_FILE = YES;
				INFOPLIST_FILE = "SeSAC-RxSample/Info.plist";
				INFOPLIST_KEY_UIApplicationSupportsIndirectInputEvents = YES;
				INFOPLIST_KEY_UILaunchStoryboardName = LaunchScreen;
				INFOPLIST_KEY_UISupportedInterfaceOrientations = UIInterfaceOrientationPortrait;
				INFOPLIST_KEY_UISupportedInterfaceOrientations_iPad = "UIInterfaceOrientationLandscapeLeft UIInterfaceOrientationLandscapeRight UIInterfaceOrientationPortrait UIInterfaceOrientationPortraitUpsideDown";
				LD_RUNPATH_SEARCH_PATHS = (
					"$(inherited)",
					"@executable_path/Frameworks",
				);
				MARKETING_VERSION = 1.0;
				PRODUCT_BUNDLE_IDENTIFIER = "com.kjh.SeSAC-RxSample";
				PRODUCT_NAME = "$(TARGET_NAME)";
				SUPPORTED_PLATFORMS = "iphoneos iphonesimulator";
				SUPPORTS_MACCATALYST = NO;
				SUPPORTS_MAC_DESIGNED_FOR_IPHONE_IPAD = NO;
				SUPPORTS_XR_DESIGNED_FOR_IPHONE_IPAD = NO;
				SWIFT_EMIT_LOC_STRINGS = YES;
				SWIFT_VERSION = 5.0;
				TARGETED_DEVICE_FAMILY = 1;
			};
			name = Debug;
		};
		3711166F2D64C6AB00CB417D /* Release */ = {
			isa = XCBuildConfiguration;
			buildSettings = {
				ASSETCATALOG_COMPILER_APPICON_NAME = AppIcon;
				ASSETCATALOG_COMPILER_GLOBAL_ACCENT_COLOR_NAME = AccentColor;
				CODE_SIGN_STYLE = Automatic;
				CURRENT_PROJECT_VERSION = 1;
				DEVELOPMENT_TEAM = Z4QC7WDU5Z;
				GENERATE_INFOPLIST_FILE = YES;
				INFOPLIST_FILE = "SeSAC-RxSample/Info.plist";
				INFOPLIST_KEY_UIApplicationSupportsIndirectInputEvents = YES;
				INFOPLIST_KEY_UILaunchStoryboardName = LaunchScreen;
				INFOPLIST_KEY_UISupportedInterfaceOrientations = UIInterfaceOrientationPortrait;
				INFOPLIST_KEY_UISupportedInterfaceOrientations_iPad = "UIInterfaceOrientationLandscapeLeft UIInterfaceOrientationLandscapeRight UIInterfaceOrientationPortrait UIInterfaceOrientationPortraitUpsideDown";
				LD_RUNPATH_SEARCH_PATHS = (
					"$(inherited)",
					"@executable_path/Frameworks",
				);
				MARKETING_VERSION = 1.0;
				PRODUCT_BUNDLE_IDENTIFIER = "com.kjh.SeSAC-RxSample";
				PRODUCT_NAME = "$(TARGET_NAME)";
				SUPPORTED_PLATFORMS = "iphoneos iphonesimulator";
				SUPPORTS_MACCATALYST = NO;
				SUPPORTS_MAC_DESIGNED_FOR_IPHONE_IPAD = NO;
				SUPPORTS_XR_DESIGNED_FOR_IPHONE_IPAD = NO;
				SWIFT_EMIT_LOC_STRINGS = YES;
				SWIFT_VERSION = 5.0;
				TARGETED_DEVICE_FAMILY = 1;
			};
			name = Release;
		};
		371116702D64C6AB00CB417D /* Debug */ = {
			isa = XCBuildConfiguration;
			buildSettings = {
				ALWAYS_SEARCH_USER_PATHS = NO;
				ASSETCATALOG_COMPILER_GENERATE_SWIFT_ASSET_SYMBOL_EXTENSIONS = YES;
				CLANG_ANALYZER_NONNULL = YES;
				CLANG_ANALYZER_NUMBER_OBJECT_CONVERSION = YES_AGGRESSIVE;
				CLANG_CXX_LANGUAGE_STANDARD = "gnu++20";
				CLANG_ENABLE_MODULES = YES;
				CLANG_ENABLE_OBJC_ARC = YES;
				CLANG_ENABLE_OBJC_WEAK = YES;
				CLANG_WARN_BLOCK_CAPTURE_AUTORELEASING = YES;
				CLANG_WARN_BOOL_CONVERSION = YES;
				CLANG_WARN_COMMA = YES;
				CLANG_WARN_CONSTANT_CONVERSION = YES;
				CLANG_WARN_DEPRECATED_OBJC_IMPLEMENTATIONS = YES;
				CLANG_WARN_DIRECT_OBJC_ISA_USAGE = YES_ERROR;
				CLANG_WARN_DOCUMENTATION_COMMENTS = YES;
				CLANG_WARN_EMPTY_BODY = YES;
				CLANG_WARN_ENUM_CONVERSION = YES;
				CLANG_WARN_INFINITE_RECURSION = YES;
				CLANG_WARN_INT_CONVERSION = YES;
				CLANG_WARN_NON_LITERAL_NULL_CONVERSION = YES;
				CLANG_WARN_OBJC_IMPLICIT_RETAIN_SELF = YES;
				CLANG_WARN_OBJC_LITERAL_CONVERSION = YES;
				CLANG_WARN_OBJC_ROOT_CLASS = YES_ERROR;
				CLANG_WARN_QUOTED_INCLUDE_IN_FRAMEWORK_HEADER = YES;
				CLANG_WARN_RANGE_LOOP_ANALYSIS = YES;
				CLANG_WARN_STRICT_PROTOTYPES = YES;
				CLANG_WARN_SUSPICIOUS_MOVE = YES;
				CLANG_WARN_UNGUARDED_AVAILABILITY = YES_AGGRESSIVE;
				CLANG_WARN_UNREACHABLE_CODE = YES;
				CLANG_WARN__DUPLICATE_METHOD_MATCH = YES;
				COPY_PHASE_STRIP = NO;
				DEBUG_INFORMATION_FORMAT = dwarf;
				ENABLE_STRICT_OBJC_MSGSEND = YES;
				ENABLE_TESTABILITY = YES;
				ENABLE_USER_SCRIPT_SANDBOXING = YES;
				GCC_C_LANGUAGE_STANDARD = gnu17;
				GCC_DYNAMIC_NO_PIC = NO;
				GCC_NO_COMMON_BLOCKS = YES;
				GCC_OPTIMIZATION_LEVEL = 0;
				GCC_PREPROCESSOR_DEFINITIONS = (
					"DEBUG=1",
					"$(inherited)",
				);
				GCC_WARN_64_TO_32_BIT_CONVERSION = YES;
				GCC_WARN_ABOUT_RETURN_TYPE = YES_ERROR;
				GCC_WARN_UNDECLARED_SELECTOR = YES;
				GCC_WARN_UNINITIALIZED_AUTOS = YES_AGGRESSIVE;
				GCC_WARN_UNUSED_FUNCTION = YES;
				GCC_WARN_UNUSED_VARIABLE = YES;
				IPHONEOS_DEPLOYMENT_TARGET = 18.2;
				LOCALIZATION_PREFERS_STRING_CATALOGS = YES;
				MTL_ENABLE_DEBUG_INFO = INCLUDE_SOURCE;
				MTL_FAST_MATH = YES;
				ONLY_ACTIVE_ARCH = YES;
				SDKROOT = iphoneos;
				SWIFT_ACTIVE_COMPILATION_CONDITIONS = "DEBUG $(inherited)";
				SWIFT_OPTIMIZATION_LEVEL = "-Onone";
			};
			name = Debug;
		};
		371116712D64C6AB00CB417D /* Release */ = {
			isa = XCBuildConfiguration;
			buildSettings = {
				ALWAYS_SEARCH_USER_PATHS = NO;
				ASSETCATALOG_COMPILER_GENERATE_SWIFT_ASSET_SYMBOL_EXTENSIONS = YES;
				CLANG_ANALYZER_NONNULL = YES;
				CLANG_ANALYZER_NUMBER_OBJECT_CONVERSION = YES_AGGRESSIVE;
				CLANG_CXX_LANGUAGE_STANDARD = "gnu++20";
				CLANG_ENABLE_MODULES = YES;
				CLANG_ENABLE_OBJC_ARC = YES;
				CLANG_ENABLE_OBJC_WEAK = YES;
				CLANG_WARN_BLOCK_CAPTURE_AUTORELEASING = YES;
				CLANG_WARN_BOOL_CONVERSION = YES;
				CLANG_WARN_COMMA = YES;
				CLANG_WARN_CONSTANT_CONVERSION = YES;
				CLANG_WARN_DEPRECATED_OBJC_IMPLEMENTATIONS = YES;
				CLANG_WARN_DIRECT_OBJC_ISA_USAGE = YES_ERROR;
				CLANG_WARN_DOCUMENTATION_COMMENTS = YES;
				CLANG_WARN_EMPTY_BODY = YES;
				CLANG_WARN_ENUM_CONVERSION = YES;
				CLANG_WARN_INFINITE_RECURSION = YES;
				CLANG_WARN_INT_CONVERSION = YES;
				CLANG_WARN_NON_LITERAL_NULL_CONVERSION = YES;
				CLANG_WARN_OBJC_IMPLICIT_RETAIN_SELF = YES;
				CLANG_WARN_OBJC_LITERAL_CONVERSION = YES;
				CLANG_WARN_OBJC_ROOT_CLASS = YES_ERROR;
				CLANG_WARN_QUOTED_INCLUDE_IN_FRAMEWORK_HEADER = YES;
				CLANG_WARN_RANGE_LOOP_ANALYSIS = YES;
				CLANG_WARN_STRICT_PROTOTYPES = YES;
				CLANG_WARN_SUSPICIOUS_MOVE = YES;
				CLANG_WARN_UNGUARDED_AVAILABILITY = YES_AGGRESSIVE;
				CLANG_WARN_UNREACHABLE_CODE = YES;
				CLANG_WARN__DUPLICATE_METHOD_MATCH = YES;
				COPY_PHASE_STRIP = NO;
				DEBUG_INFORMATION_FORMAT = "dwarf-with-dsym";
				ENABLE_NS_ASSERTIONS = NO;
				ENABLE_STRICT_OBJC_MSGSEND = YES;
				ENABLE_USER_SCRIPT_SANDBOXING = YES;
				GCC_C_LANGUAGE_STANDARD = gnu17;
				GCC_NO_COMMON_BLOCKS = YES;
				GCC_WARN_64_TO_32_BIT_CONVERSION = YES;
				GCC_WARN_ABOUT_RETURN_TYPE = YES_ERROR;
				GCC_WARN_UNDECLARED_SELECTOR = YES;
				GCC_WARN_UNINITIALIZED_AUTOS = YES_AGGRESSIVE;
				GCC_WARN_UNUSED_FUNCTION = YES;
				GCC_WARN_UNUSED_VARIABLE = YES;
				IPHONEOS_DEPLOYMENT_TARGET = 18.2;
				LOCALIZATION_PREFERS_STRING_CATALOGS = YES;
				MTL_ENABLE_DEBUG_INFO = NO;
				MTL_FAST_MATH = YES;
				SDKROOT = iphoneos;
				SWIFT_COMPILATION_MODE = wholemodule;
				VALIDATE_PRODUCT = YES;
			};
			name = Release;
		};
/* End XCBuildConfiguration section */

/* Begin XCConfigurationList section */
		371116552D64C6AA00CB417D /* Build configuration list for PBXProject "SeSAC-RxSample" */ = {
			isa = XCConfigurationList;
			buildConfigurations = (
				371116702D64C6AB00CB417D /* Debug */,
				371116712D64C6AB00CB417D /* Release */,
			);
			defaultConfigurationIsVisible = 0;
			defaultConfigurationName = Release;
		};
		3711166D2D64C6AB00CB417D /* Build configuration list for PBXNativeTarget "SeSAC-RxSample" */ = {
			isa = XCConfigurationList;
			buildConfigurations = (
				3711166E2D64C6AB00CB417D /* Debug */,
				3711166F2D64C6AB00CB417D /* Release */,
			);
			defaultConfigurationIsVisible = 0;
			defaultConfigurationName = Release;
		};
/* End XCConfigurationList section */

/* Begin XCRemoteSwiftPackageReference section */
		371116872D64CA7A00CB417D /* XCRemoteSwiftPackageReference "RxSwift" */ = {
			isa = XCRemoteSwiftPackageReference;
			repositoryURL = "https://github.com/ReactiveX/RxSwift.git";
			requirement = {
				kind = upToNextMajorVersion;
				minimumVersion = 6.9.0;
			};
		};
		3711168C2D64CA8300CB417D /* XCRemoteSwiftPackageReference "Then" */ = {
			isa = XCRemoteSwiftPackageReference;
			repositoryURL = "https://github.com/devxoul/Then.git";
			requirement = {
				kind = upToNextMajorVersion;
				minimumVersion = 3.0.0;
			};
		};
		3711168F2D64CA9700CB417D /* XCRemoteSwiftPackageReference "SnapKit" */ = {
			isa = XCRemoteSwiftPackageReference;
			repositoryURL = "https://github.com/SnapKit/SnapKit.git";
			requirement = {
				kind = upToNextMajorVersion;
				minimumVersion = 5.7.1;
			};
		};
/* End XCRemoteSwiftPackageReference section */

/* Begin XCSwiftPackageProductDependency section */
		371116882D64CA7A00CB417D /* RxCocoa */ = {
			isa = XCSwiftPackageProductDependency;
			package = 371116872D64CA7A00CB417D /* XCRemoteSwiftPackageReference "RxSwift" */;
			productName = RxCocoa;
		};
		3711168A2D64CA7A00CB417D /* RxSwift */ = {
			isa = XCSwiftPackageProductDependency;
			package = 371116872D64CA7A00CB417D /* XCRemoteSwiftPackageReference "RxSwift" */;
			productName = RxSwift;
		};
		3711168D2D64CA8300CB417D /* Then */ = {
			isa = XCSwiftPackageProductDependency;
			package = 3711168C2D64CA8300CB417D /* XCRemoteSwiftPackageReference "Then" */;
			productName = Then;
		};
		371116902D64CA9700CB417D /* SnapKit */ = {
			isa = XCSwiftPackageProductDependency;
			package = 3711168F2D64CA9700CB417D /* XCRemoteSwiftPackageReference "SnapKit" */;
			productName = SnapKit;
		};
/* End XCSwiftPackageProductDependency section */
	};
	rootObject = 371116522D64C6AA00CB417D /* Project object */;
}
