// !$*UTF8*$!
{
	archiveVersion = 1;
	classes = {
	};
	objectVersion = 77;
	objects = {

/* Begin PBXBuildFile section */
		374DFAAB2D2FAB07004F8E65 /* Assets.xcassets in Resources */ = {isa = PBXBuildFile; fileRef = 374DFAA22D2FAB07004F8E65 /* Assets.xcassets */; };
		374DFAAD2D2FAB07004F8E65 /* LaunchScreen.storyboard in Resources */ = {isa = PBXBuildFile; fileRef = 374DFAA52D2FAB07004F8E65 /* LaunchScreen.storyboard */; };
		374DFAAE2D2FAB07004F8E65 /* Main.storyboard in Resources */ = {isa = PBXBuildFile; fileRef = 374DFAA72D2FAB07004F8E65 /* Main.storyboard */; };
		374DFAAF2D2FAB07004F8E65 /* AppDelegate.swift in Sources */ = {isa = PBXBuildFile; fileRef = 374DFAA12D2FAB07004F8E65 /* AppDelegate.swift */; };
		374DFAB02D2FAB07004F8E65 /* SceneDelegate.swift in Sources */ = {isa = PBXBuildFile; fileRef = 374DFAA82D2FAB07004F8E65 /* SceneDelegate.swift */; };
		374DFAB12D2FAB07004F8E65 /* ViewController.swift in Sources */ = {isa = PBXBuildFile; fileRef = 374DFAA92D2FAB07004F8E65 /* ViewController.swift */; };
		374DFAB32D2FAB27004F8E65 /* .gitignore in Resources */ = {isa = PBXBuildFile; fileRef = 374DFAB22D2FAB27004F8E65 /* .gitignore */; };
/* End PBXBuildFile section */

/* Begin PBXFileReference section */
		374DFA892D2FAAFD004F8E65 /* SeSAC-UpDownGame.app */ = {isa = PBXFileReference; explicitFileType = wrapper.application; includeInIndex = 0; path = "SeSAC-UpDownGame.app"; sourceTree = BUILT_PRODUCTS_DIR; };
		374DFAA12D2FAB07004F8E65 /* AppDelegate.swift */ = {isa = PBXFileReference; lastKnownFileType = sourcecode.swift; path = AppDelegate.swift; sourceTree = "<group>"; };
		374DFAA22D2FAB07004F8E65 /* Assets.xcassets */ = {isa = PBXFileReference; lastKnownFileType = folder.assetcatalog; path = Assets.xcassets; sourceTree = "<group>"; };
		374DFAA32D2FAB07004F8E65 /* Info.plist */ = {isa = PBXFileReference; lastKnownFileType = text.plist.xml; path = Info.plist; sourceTree = "<group>"; };
		374DFAA42D2FAB07004F8E65 /* Base */ = {isa = PBXFileReference; lastKnownFileType = file.storyboard; name = Base; path = Base.lproj/LaunchScreen.storyboard; sourceTree = "<group>"; };
		374DFAA62D2FAB07004F8E65 /* Base */ = {isa = PBXFileReference; lastKnownFileType = file.storyboard; name = Base; path = Base.lproj/Main.storyboard; sourceTree = "<group>"; };
		374DFAA82D2FAB07004F8E65 /* SceneDelegate.swift */ = {isa = PBXFileReference; lastKnownFileType = sourcecode.swift; path = SceneDelegate.swift; sourceTree = "<group>"; };
		374DFAA92D2FAB07004F8E65 /* ViewController.swift */ = {isa = PBXFileReference; lastKnownFileType = sourcecode.swift; path = ViewController.swift; sourceTree = "<group>"; };
		374DFAB22D2FAB27004F8E65 /* .gitignore */ = {isa = PBXFileReference; lastKnownFileType = text; path = .gitignore; sourceTree = "<group>"; };
/* End PBXFileReference section */

/* Begin PBXFrameworksBuildPhase section */
		374DFA862D2FAAFD004F8E65 /* Frameworks */ = {
			isa = PBXFrameworksBuildPhase;
			buildActionMask = 2147483647;
			files = (
			);
			runOnlyForDeploymentPostprocessing = 0;
		};
/* End PBXFrameworksBuildPhase section */

/* Begin PBXGroup section */
		374DFA802D2FAAFD004F8E65 = {
			isa = PBXGroup;
			children = (
				374DFAB22D2FAB27004F8E65 /* .gitignore */,
				374DFAAA2D2FAB07004F8E65 /* SeSAC-UpDownGame */,
				374DFA8A2D2FAAFD004F8E65 /* Products */,
			);
			sourceTree = "<group>";
		};
		374DFA8A2D2FAAFD004F8E65 /* Products */ = {
			isa = PBXGroup;
			children = (
				374DFA892D2FAAFD004F8E65 /* SeSAC-UpDownGame.app */,
			);
			name = Products;
			sourceTree = "<group>";
		};
		374DFAAA2D2FAB07004F8E65 /* SeSAC-UpDownGame */ = {
			isa = PBXGroup;
			children = (
				374DFAA12D2FAB07004F8E65 /* AppDelegate.swift */,
				374DFAA82D2FAB07004F8E65 /* SceneDelegate.swift */,
				374DFAB62D2FAB74004F8E65 /* View */,
				374DFAB72D2FAB77004F8E65 /* Controller */,
				374DFAA52D2FAB07004F8E65 /* LaunchScreen.storyboard */,
				374DFAA22D2FAB07004F8E65 /* Assets.xcassets */,
				374DFAA32D2FAB07004F8E65 /* Info.plist */,
			);
			path = "SeSAC-UpDownGame";
			sourceTree = "<group>";
		};
		374DFAB62D2FAB74004F8E65 /* View */ = {
			isa = PBXGroup;
			children = (
				374DFAA72D2FAB07004F8E65 /* Main.storyboard */,
			);
			path = View;
			sourceTree = "<group>";
		};
		374DFAB72D2FAB77004F8E65 /* Controller */ = {
			isa = PBXGroup;
			children = (
				374DFAA92D2FAB07004F8E65 /* ViewController.swift */,
			);
			path = Controller;
			sourceTree = "<group>";
		};
/* End PBXGroup section */

/* Begin PBXNativeTarget section */
		374DFA882D2FAAFD004F8E65 /* SeSAC-UpDownGame */ = {
			isa = PBXNativeTarget;
			buildConfigurationList = 374DFA9C2D2FAAFE004F8E65 /* Build configuration list for PBXNativeTarget "SeSAC-UpDownGame" */;
			buildPhases = (
				374DFA852D2FAAFD004F8E65 /* Sources */,
				374DFA862D2FAAFD004F8E65 /* Frameworks */,
				374DFA872D2FAAFD004F8E65 /* Resources */,
			);
			buildRules = (
			);
			dependencies = (
			);
			name = "SeSAC-UpDownGame";
			packageProductDependencies = (
			);
			productName = "SeSAC-UpDownGame";
			productReference = 374DFA892D2FAAFD004F8E65 /* SeSAC-UpDownGame.app */;
			productType = "com.apple.product-type.application";
		};
/* End PBXNativeTarget section */

/* Begin PBXProject section */
		374DFA812D2FAAFD004F8E65 /* Project object */ = {
			isa = PBXProject;
			attributes = {
				BuildIndependentTargetsInParallel = 1;
				LastSwiftUpdateCheck = 1620;
				LastUpgradeCheck = 1620;
				TargetAttributes = {
					374DFA882D2FAAFD004F8E65 = {
						CreatedOnToolsVersion = 16.2;
					};
				};
			};
			buildConfigurationList = 374DFA842D2FAAFD004F8E65 /* Build configuration list for PBXProject "SeSAC-UpDownGame" */;
			developmentRegion = en;
			hasScannedForEncodings = 0;
			knownRegions = (
				en,
				Base,
			);
			mainGroup = 374DFA802D2FAAFD004F8E65;
			minimizedProjectReferenceProxies = 1;
			preferredProjectObjectVersion = 77;
			productRefGroup = 374DFA8A2D2FAAFD004F8E65 /* Products */;
			projectDirPath = "";
			projectRoot = "";
			targets = (
				374DFA882D2FAAFD004F8E65 /* SeSAC-UpDownGame */,
			);
		};
/* End PBXProject section */

/* Begin PBXResourcesBuildPhase section */
		374DFA872D2FAAFD004F8E65 /* Resources */ = {
			isa = PBXResourcesBuildPhase;
			buildActionMask = 2147483647;
			files = (
				374DFAB32D2FAB27004F8E65 /* .gitignore in Resources */,
				374DFAAB2D2FAB07004F8E65 /* Assets.xcassets in Resources */,
				374DFAAD2D2FAB07004F8E65 /* LaunchScreen.storyboard in Resources */,
				374DFAAE2D2FAB07004F8E65 /* Main.storyboard in Resources */,
			);
			runOnlyForDeploymentPostprocessing = 0;
		};
/* End PBXResourcesBuildPhase section */

/* Begin PBXSourcesBuildPhase section */
		374DFA852D2FAAFD004F8E65 /* Sources */ = {
			isa = PBXSourcesBuildPhase;
			buildActionMask = 2147483647;
			files = (
				374DFAAF2D2FAB07004F8E65 /* AppDelegate.swift in Sources */,
				374DFAB02D2FAB07004F8E65 /* SceneDelegate.swift in Sources */,
				374DFAB12D2FAB07004F8E65 /* ViewController.swift in Sources */,
			);
			runOnlyForDeploymentPostprocessing = 0;
		};
/* End PBXSourcesBuildPhase section */

/* Begin PBXVariantGroup section */
		374DFAA52D2FAB07004F8E65 /* LaunchScreen.storyboard */ = {
			isa = PBXVariantGroup;
			children = (
				374DFAA42D2FAB07004F8E65 /* Base */,
			);
			name = LaunchScreen.storyboard;
			sourceTree = "<group>";
		};
		374DFAA72D2FAB07004F8E65 /* Main.storyboard */ = {
			isa = PBXVariantGroup;
			children = (
				374DFAA62D2FAB07004F8E65 /* Base */,
			);
			name = Main.storyboard;
			sourceTree = "<group>";
		};
/* End PBXVariantGroup section */

/* Begin XCBuildConfiguration section */
		374DFA9D2D2FAAFE004F8E65 /* Debug */ = {
			isa = XCBuildConfiguration;
			buildSettings = {
				ASSETCATALOG_COMPILER_APPICON_NAME = AppIcon;
				ASSETCATALOG_COMPILER_GLOBAL_ACCENT_COLOR_NAME = AccentColor;
				CODE_SIGN_STYLE = Automatic;
				CURRENT_PROJECT_VERSION = 1;
				DEVELOPMENT_TEAM = Z4QC7WDU5Z;
				GENERATE_INFOPLIST_FILE = YES;
				INFOPLIST_FILE = "SeSAC-UpDownGame/Info.plist";
				INFOPLIST_KEY_UIApplicationSupportsIndirectInputEvents = YES;
				INFOPLIST_KEY_UILaunchStoryboardName = LaunchScreen;
				INFOPLIST_KEY_UIMainStoryboardFile = Main;
				INFOPLIST_KEY_UISupportedInterfaceOrientations = UIInterfaceOrientationPortrait;
				INFOPLIST_KEY_UISupportedInterfaceOrientations_iPad = "UIInterfaceOrientationLandscapeLeft UIInterfaceOrientationLandscapeRight UIInterfaceOrientationPortrait UIInterfaceOrientationPortraitUpsideDown";
				LD_RUNPATH_SEARCH_PATHS = (
					"$(inherited)",
					"@executable_path/Frameworks",
				);
				MARKETING_VERSION = 1.0;
				PRODUCT_BUNDLE_IDENTIFIER = "com.kjh.SeSAC-UpDownGame";
				PRODUCT_NAME = "$(TARGET_NAME)";
				SUPPORTED_PLATFORMS = "iphoneos iphonesimulator";
				SUPPORTS_MACCATALYST = NO;
				SUPPORTS_MAC_DESIGNED_FOR_IPHONE_IPAD = NO;
				SUPPORTS_XR_DESIGNED_FOR_IPHONE_IPAD = NO;
				SWIFT_EMIT_LOC_STRINGS = YES;
				SWIFT_VERSION = 5.0;
				TARGETED_DEVICE_FAMILY = 1;
			};
			name = Debug;
		};
		374DFA9E2D2FAAFE004F8E65 /* Release */ = {
			isa = XCBuildConfiguration;
			buildSettings = {
				ASSETCATALOG_COMPILER_APPICON_NAME = AppIcon;
				ASSETCATALOG_COMPILER_GLOBAL_ACCENT_COLOR_NAME = AccentColor;
				CODE_SIGN_STYLE = Automatic;
				CURRENT_PROJECT_VERSION = 1;
				DEVELOPMENT_TEAM = Z4QC7WDU5Z;
				GENERATE_INFOPLIST_FILE = YES;
				INFOPLIST_FILE = "SeSAC-UpDownGame/Info.plist";
				INFOPLIST_KEY_UIApplicationSupportsIndirectInputEvents = YES;
				INFOPLIST_KEY_UILaunchStoryboardName = LaunchScreen;
				INFOPLIST_KEY_UIMainStoryboardFile = Main;
				INFOPLIST_KEY_UISupportedInterfaceOrientations = UIInterfaceOrientationPortrait;
				INFOPLIST_KEY_UISupportedInterfaceOrientations_iPad = "UIInterfaceOrientationLandscapeLeft UIInterfaceOrientationLandscapeRight UIInterfaceOrientationPortrait UIInterfaceOrientationPortraitUpsideDown";
				LD_RUNPATH_SEARCH_PATHS = (
					"$(inherited)",
					"@executable_path/Frameworks",
				);
				MARKETING_VERSION = 1.0;
				PRODUCT_BUNDLE_IDENTIFIER = "com.kjh.SeSAC-UpDownGame";
				PRODUCT_NAME = "$(TARGET_NAME)";
				SUPPORTED_PLATFORMS = "iphoneos iphonesimulator";
				SUPPORTS_MACCATALYST = NO;
				SUPPORTS_MAC_DESIGNED_FOR_IPHONE_IPAD = NO;
				SUPPORTS_XR_DESIGNED_FOR_IPHONE_IPAD = NO;
				SWIFT_EMIT_LOC_STRINGS = YES;
				SWIFT_VERSION = 5.0;
				TARGETED_DEVICE_FAMILY = 1;
			};
			name = Release;
		};
		374DFA9F2D2FAAFE004F8E65 /* Debug */ = {
			isa = XCBuildConfiguration;
			buildSettings = {
				ALWAYS_SEARCH_USER_PATHS = NO;
				ASSETCATALOG_COMPILER_GENERATE_SWIFT_ASSET_SYMBOL_EXTENSIONS = YES;
				CLANG_ANALYZER_NONNULL = YES;
				CLANG_ANALYZER_NUMBER_OBJECT_CONVERSION = YES_AGGRESSIVE;
				CLANG_CXX_LANGUAGE_STANDARD = "gnu++20";
				CLANG_ENABLE_MODULES = YES;
				CLANG_ENABLE_OBJC_ARC = YES;
				CLANG_ENABLE_OBJC_WEAK = YES;
				CLANG_WARN_BLOCK_CAPTURE_AUTORELEASING = YES;
				CLANG_WARN_BOOL_CONVERSION = YES;
				CLANG_WARN_COMMA = YES;
				CLANG_WARN_CONSTANT_CONVERSION = YES;
				CLANG_WARN_DEPRECATED_OBJC_IMPLEMENTATIONS = YES;
				CLANG_WARN_DIRECT_OBJC_ISA_USAGE = YES_ERROR;
				CLANG_WARN_DOCUMENTATION_COMMENTS = YES;
				CLANG_WARN_EMPTY_BODY = YES;
				CLANG_WARN_ENUM_CONVERSION = YES;
				CLANG_WARN_INFINITE_RECURSION = YES;
				CLANG_WARN_INT_CONVERSION = YES;
				CLANG_WARN_NON_LITERAL_NULL_CONVERSION = YES;
				CLANG_WARN_OBJC_IMPLICIT_RETAIN_SELF = YES;
				CLANG_WARN_OBJC_LITERAL_CONVERSION = YES;
				CLANG_WARN_OBJC_ROOT_CLASS = YES_ERROR;
				CLANG_WARN_QUOTED_INCLUDE_IN_FRAMEWORK_HEADER = YES;
				CLANG_WARN_RANGE_LOOP_ANALYSIS = YES;
				CLANG_WARN_STRICT_PROTOTYPES = YES;
				CLANG_WARN_SUSPICIOUS_MOVE = YES;
				CLANG_WARN_UNGUARDED_AVAILABILITY = YES_AGGRESSIVE;
				CLANG_WARN_UNREACHABLE_CODE = YES;
				CLANG_WARN__DUPLICATE_METHOD_MATCH = YES;
				COPY_PHASE_STRIP = NO;
				DEBUG_INFORMATION_FORMAT = dwarf;
				ENABLE_STRICT_OBJC_MSGSEND = YES;
				ENABLE_TESTABILITY = YES;
				ENABLE_USER_SCRIPT_SANDBOXING = YES;
				GCC_C_LANGUAGE_STANDARD = gnu17;
				GCC_DYNAMIC_NO_PIC = NO;
				GCC_NO_COMMON_BLOCKS = YES;
				GCC_OPTIMIZATION_LEVEL = 0;
				GCC_PREPROCESSOR_DEFINITIONS = (
					"DEBUG=1",
					"$(inherited)",
				);
				GCC_WARN_64_TO_32_BIT_CONVERSION = YES;
				GCC_WARN_ABOUT_RETURN_TYPE = YES_ERROR;
				GCC_WARN_UNDECLARED_SELECTOR = YES;
				GCC_WARN_UNINITIALIZED_AUTOS = YES_AGGRESSIVE;
				GCC_WARN_UNUSED_FUNCTION = YES;
				GCC_WARN_UNUSED_VARIABLE = YES;
				IPHONEOS_DEPLOYMENT_TARGET = 18.2;
				LOCALIZATION_PREFERS_STRING_CATALOGS = YES;
				MTL_ENABLE_DEBUG_INFO = INCLUDE_SOURCE;
				MTL_FAST_MATH = YES;
				ONLY_ACTIVE_ARCH = YES;
				SDKROOT = iphoneos;
				SWIFT_ACTIVE_COMPILATION_CONDITIONS = "DEBUG $(inherited)";
				SWIFT_OPTIMIZATION_LEVEL = "-Onone";
			};
			name = Debug;
		};
		374DFAA02D2FAAFE004F8E65 /* Release */ = {
			isa = XCBuildConfiguration;
			buildSettings = {
				ALWAYS_SEARCH_USER_PATHS = NO;
				ASSETCATALOG_COMPILER_GENERATE_SWIFT_ASSET_SYMBOL_EXTENSIONS = YES;
				CLANG_ANALYZER_NONNULL = YES;
				CLANG_ANALYZER_NUMBER_OBJECT_CONVERSION = YES_AGGRESSIVE;
				CLANG_CXX_LANGUAGE_STANDARD = "gnu++20";
				CLANG_ENABLE_MODULES = YES;
				CLANG_ENABLE_OBJC_ARC = YES;
				CLANG_ENABLE_OBJC_WEAK = YES;
				CLANG_WARN_BLOCK_CAPTURE_AUTORELEASING = YES;
				CLANG_WARN_BOOL_CONVERSION = YES;
				CLANG_WARN_COMMA = YES;
				CLANG_WARN_CONSTANT_CONVERSION = YES;
				CLANG_WARN_DEPRECATED_OBJC_IMPLEMENTATIONS = YES;
				CLANG_WARN_DIRECT_OBJC_ISA_USAGE = YES_ERROR;
				CLANG_WARN_DOCUMENTATION_COMMENTS = YES;
				CLANG_WARN_EMPTY_BODY = YES;
				CLANG_WARN_ENUM_CONVERSION = YES;
				CLANG_WARN_INFINITE_RECURSION = YES;
				CLANG_WARN_INT_CONVERSION = YES;
				CLANG_WARN_NON_LITERAL_NULL_CONVERSION = YES;
				CLANG_WARN_OBJC_IMPLICIT_RETAIN_SELF = YES;
				CLANG_WARN_OBJC_LITERAL_CONVERSION = YES;
				CLANG_WARN_OBJC_ROOT_CLASS = YES_ERROR;
				CLANG_WARN_QUOTED_INCLUDE_IN_FRAMEWORK_HEADER = YES;
				CLANG_WARN_RANGE_LOOP_ANALYSIS = YES;
				CLANG_WARN_STRICT_PROTOTYPES = YES;
				CLANG_WARN_SUSPICIOUS_MOVE = YES;
				CLANG_WARN_UNGUARDED_AVAILABILITY = YES_AGGRESSIVE;
				CLANG_WARN_UNREACHABLE_CODE = YES;
				CLANG_WARN__DUPLICATE_METHOD_MATCH = YES;
				COPY_PHASE_STRIP = NO;
				DEBUG_INFORMATION_FORMAT = "dwarf-with-dsym";
				ENABLE_NS_ASSERTIONS = NO;
				ENABLE_STRICT_OBJC_MSGSEND = YES;
				ENABLE_USER_SCRIPT_SANDBOXING = YES;
				GCC_C_LANGUAGE_STANDARD = gnu17;
				GCC_NO_COMMON_BLOCKS = YES;
				GCC_WARN_64_TO_32_BIT_CONVERSION = YES;
				GCC_WARN_ABOUT_RETURN_TYPE = YES_ERROR;
				GCC_WARN_UNDECLARED_SELECTOR = YES;
				GCC_WARN_UNINITIALIZED_AUTOS = YES_AGGRESSIVE;
				GCC_WARN_UNUSED_FUNCTION = YES;
				GCC_WARN_UNUSED_VARIABLE = YES;
				IPHONEOS_DEPLOYMENT_TARGET = 18.2;
				LOCALIZATION_PREFERS_STRING_CATALOGS = YES;
				MTL_ENABLE_DEBUG_INFO = NO;
				MTL_FAST_MATH = YES;
				SDKROOT = iphoneos;
				SWIFT_COMPILATION_MODE = wholemodule;
				VALIDATE_PRODUCT = YES;
			};
			name = Release;
		};
/* End XCBuildConfiguration section */

/* Begin XCConfigurationList section */
		374DFA842D2FAAFD004F8E65 /* Build configuration list for PBXProject "SeSAC-UpDownGame" */ = {
			isa = XCConfigurationList;
			buildConfigurations = (
				374DFA9F2D2FAAFE004F8E65 /* Debug */,
				374DFAA02D2FAAFE004F8E65 /* Release */,
			);
			defaultConfigurationIsVisible = 0;
			defaultConfigurationName = Release;
		};
		374DFA9C2D2FAAFE004F8E65 /* Build configuration list for PBXNativeTarget "SeSAC-UpDownGame" */ = {
			isa = XCConfigurationList;
			buildConfigurations = (
				374DFA9D2D2FAAFE004F8E65 /* Debug */,
				374DFA9E2D2FAAFE004F8E65 /* Release */,
			);
			defaultConfigurationIsVisible = 0;
			defaultConfigurationName = Release;
		};
/* End XCConfigurationList section */
	};
	rootObject = 374DFA812D2FAAFD004F8E65 /* Project object */;
}
